// !$*UTF8*$!
{
	archiveVersion = 1;
	classes = {
	};
	objectVersion = 46;
	objects = {

/* Begin PBXBuildFile section */
		17A06E231DCD3FC6001A1204 /* AppDelegate.swift in Sources */ = {isa = PBXBuildFile; fileRef = 17A06E221DCD3FC6001A1204 /* AppDelegate.swift */; };
		17A06E251DCD3FC6001A1204 /* ViewController.swift in Sources */ = {isa = PBXBuildFile; fileRef = 17A06E241DCD3FC6001A1204 /* ViewController.swift */; };
		17A06E281DCD3FC6001A1204 /* Main.storyboard in Resources */ = {isa = PBXBuildFile; fileRef = 17A06E261DCD3FC6001A1204 /* Main.storyboard */; };
		17A06E2A1DCD3FC6001A1204 /* Assets.xcassets in Resources */ = {isa = PBXBuildFile; fileRef = 17A06E291DCD3FC6001A1204 /* Assets.xcassets */; };
		17A06E2D1DCD3FC6001A1204 /* LaunchScreen.storyboard in Resources */ = {isa = PBXBuildFile; fileRef = 17A06E2B1DCD3FC6001A1204 /* LaunchScreen.storyboard */; };
		F1452CAC1DCDE4F800A40D46 /* ARViewController.swift in Sources */ = {isa = PBXBuildFile; fileRef = F1452CAB1DCDE4F800A40D46 /* ARViewController.swift */; };
		F1452CAF1DCDE52400A40D46 /* libVuforia.a in Frameworks */ = {isa = PBXBuildFile; fileRef = F1452CAE1DCDE52400A40D46 /* libVuforia.a */; };
/* End PBXBuildFile section */

/* Begin PBXFileReference section */
		17A06E1F1DCD3FC6001A1204 /* TreasureHunt.app */ = {isa = PBXFileReference; explicitFileType = wrapper.application; includeInIndex = 0; path = TreasureHunt.app; sourceTree = BUILT_PRODUCTS_DIR; };
		17A06E221DCD3FC6001A1204 /* AppDelegate.swift */ = {isa = PBXFileReference; lastKnownFileType = sourcecode.swift; path = AppDelegate.swift; sourceTree = "<group>"; };
		17A06E241DCD3FC6001A1204 /* ViewController.swift */ = {isa = PBXFileReference; lastKnownFileType = sourcecode.swift; path = ViewController.swift; sourceTree = "<group>"; };
		17A06E271DCD3FC6001A1204 /* Base */ = {isa = PBXFileReference; lastKnownFileType = file.storyboard; name = Base; path = Base.lproj/Main.storyboard; sourceTree = "<group>"; };
		17A06E291DCD3FC6001A1204 /* Assets.xcassets */ = {isa = PBXFileReference; lastKnownFileType = folder.assetcatalog; path = Assets.xcassets; sourceTree = "<group>"; };
		17A06E2C1DCD3FC6001A1204 /* Base */ = {isa = PBXFileReference; lastKnownFileType = file.storyboard; name = Base; path = Base.lproj/LaunchScreen.storyboard; sourceTree = "<group>"; };
		17A06E2E1DCD3FC6001A1204 /* Info.plist */ = {isa = PBXFileReference; lastKnownFileType = text.plist.xml; path = Info.plist; sourceTree = "<group>"; };
		F1452CAB1DCDE4F800A40D46 /* ARViewController.swift */ = {isa = PBXFileReference; fileEncoding = 4; lastKnownFileType = sourcecode.swift; path = ARViewController.swift; sourceTree = "<group>"; };
		F1452CAE1DCDE52400A40D46 /* libVuforia.a */ = {isa = PBXFileReference; lastKnownFileType = archive.ar; name = libVuforia.a; path = TreasureHunt/Vuforia/build/lib/arm/libVuforia.a; sourceTree = "<group>"; };
/* End PBXFileReference section */

/* Begin PBXFrameworksBuildPhase section */
		17A06E1C1DCD3FC6001A1204 /* Frameworks */ = {
			isa = PBXFrameworksBuildPhase;
			buildActionMask = 2147483647;
			files = (
				F1452CAF1DCDE52400A40D46 /* libVuforia.a in Frameworks */,
			);
			runOnlyForDeploymentPostprocessing = 0;
		};
/* End PBXFrameworksBuildPhase section */

/* Begin PBXGroup section */
		17A06E161DCD3FC6001A1204 = {
			isa = PBXGroup;
			children = (
				17A06E211DCD3FC6001A1204 /* TreasureHunt */,
				17A06E201DCD3FC6001A1204 /* Products */,
				F1452CAD1DCDE52400A40D46 /* Frameworks */,
			);
			sourceTree = "<group>";
		};
		17A06E201DCD3FC6001A1204 /* Products */ = {
			isa = PBXGroup;
			children = (
				17A06E1F1DCD3FC6001A1204 /* TreasureHunt.app */,
			);
			name = Products;
			sourceTree = "<group>";
		};
		17A06E211DCD3FC6001A1204 /* TreasureHunt */ = {
			isa = PBXGroup;
			children = (
				17A06E361DCDE499001A1204 /* Storyboards */,
				17A06E341DCDE44D001A1204 /* View Controllers */,
				17A06E351DCDE478001A1204 /* Views */,
				F1452CAA1DCDE45500A40D46 /* AR */,
				17A06E221DCD3FC6001A1204 /* AppDelegate.swift */,
				17A06E291DCD3FC6001A1204 /* Assets.xcassets */,
				17A06E2E1DCD3FC6001A1204 /* Info.plist */,
			);
			path = TreasureHunt;
			sourceTree = "<group>";
		};
		17A06E341DCDE44D001A1204 /* View Controllers */ = {
			isa = PBXGroup;
			children = (
				17A06E241DCD3FC6001A1204 /* ViewController.swift */,
			);
			name = "View Controllers";
			sourceTree = "<group>";
		};
		17A06E351DCDE478001A1204 /* Views */ = {
			isa = PBXGroup;
			children = (
			);
			name = Views;
			sourceTree = "<group>";
		};
		17A06E361DCDE499001A1204 /* Storyboards */ = {
			isa = PBXGroup;
			children = (
				17A06E261DCD3FC6001A1204 /* Main.storyboard */,
				17A06E2B1DCD3FC6001A1204 /* LaunchScreen.storyboard */,
			);
			name = Storyboards;
			sourceTree = "<group>";
		};
/* End PBXGroup section */

/* Begin PBXNativeTarget section */
		17A06E1E1DCD3FC6001A1204 /* TreasureHunt */ = {
			isa = PBXNativeTarget;
			buildConfigurationList = 17A06E311DCD3FC6001A1204 /* Build configuration list for PBXNativeTarget "TreasureHunt" */;
			buildPhases = (
				17A06E1B1DCD3FC6001A1204 /* Sources */,
				17A06E1C1DCD3FC6001A1204 /* Frameworks */,
				17A06E1D1DCD3FC6001A1204 /* Resources */,
			);
			buildRules = (
			);
			dependencies = (
			);
			name = TreasureHunt;
			productName = TreasureHunt;
			productReference = 17A06E1F1DCD3FC6001A1204 /* TreasureHunt.app */;
			productType = "com.apple.product-type.application";
		};
/* End PBXNativeTarget section */

/* Begin PBXProject section */
		17A06E171DCD3FC6001A1204 /* Project object */ = {
			isa = PBXProject;
			attributes = {
				LastSwiftUpdateCheck = 0800;
				LastUpgradeCheck = 0800;
				ORGANIZATIONNAME = Marinosoftware;
				TargetAttributes = {
					17A06E1E1DCD3FC6001A1204 = {
						CreatedOnToolsVersion = 8.0;
						DevelopmentTeam = 4QGK58U3J6;
						ProvisioningStyle = Automatic;
					};
				};
			};
			buildConfigurationList = 17A06E1A1DCD3FC6001A1204 /* Build configuration list for PBXProject "TreasureHunt" */;
			compatibilityVersion = "Xcode 3.2";
			developmentRegion = English;
			hasScannedForEncodings = 0;
			knownRegions = (
				en,
				Base,
			);
			mainGroup = 17A06E161DCD3FC6001A1204;
			productRefGroup = 17A06E201DCD3FC6001A1204 /* Products */;
			projectDirPath = "";
			projectRoot = "";
			targets = (
				17A06E1E1DCD3FC6001A1204 /* TreasureHunt */,
			);
		};
/* End PBXProject section */

/* Begin PBXResourcesBuildPhase section */
		17A06E1D1DCD3FC6001A1204 /* Resources */ = {
			isa = PBXResourcesBuildPhase;
			buildActionMask = 2147483647;
			files = (
				17A06E2D1DCD3FC6001A1204 /* LaunchScreen.storyboard in Resources */,
				17A06E2A1DCD3FC6001A1204 /* Assets.xcassets in Resources */,
				17A06E281DCD3FC6001A1204 /* Main.storyboard in Resources */,
			);
			runOnlyForDeploymentPostprocessing = 0;
		};
/* End PBXResourcesBuildPhase section */

/* Begin PBXSourcesBuildPhase section */
		17A06E1B1DCD3FC6001A1204 /* Sources */ = {
			isa = PBXSourcesBuildPhase;
			buildActionMask = 2147483647;
			files = (
				F1452CAC1DCDE4F800A40D46 /* ARViewController.swift in Sources */,
				17A06E251DCD3FC6001A1204 /* ViewController.swift in Sources */,
				17A06E231DCD3FC6001A1204 /* AppDelegate.swift in Sources */,
			);
			runOnlyForDeploymentPostprocessing = 0;
		};
/* End PBXSourcesBuildPhase section */

/* Begin PBXVariantGroup section */
		17A06E261DCD3FC6001A1204 /* Main.storyboard */ = {
			isa = PBXVariantGroup;
			children = (
				17A06E271DCD3FC6001A1204 /* Base */,
			);
			name = Main.storyboard;
			sourceTree = "<group>";
		};
		17A06E2B1DCD3FC6001A1204 /* LaunchScreen.storyboard */ = {
			isa = PBXVariantGroup;
			children = (
				17A06E2C1DCD3FC6001A1204 /* Base */,
			);
			name = LaunchScreen.storyboard;
			sourceTree = "<group>";
		};
/* End PBXVariantGroup section */

/* Begin XCBuildConfiguration section */
		17A06E2F1DCD3FC6001A1204 /* Debug */ = {
			isa = XCBuildConfiguration;
			buildSettings = {
				ALWAYS_SEARCH_USER_PATHS = NO;
				CLANG_ANALYZER_NONNULL = YES;
				CLANG_CXX_LANGUAGE_STANDARD = "gnu++0x";
				CLANG_CXX_LIBRARY = "libc++";
				CLANG_ENABLE_MODULES = YES;
				CLANG_ENABLE_OBJC_ARC = YES;
				CLANG_WARN_BOOL_CONVERSION = YES;
				CLANG_WARN_CONSTANT_CONVERSION = YES;
				CLANG_WARN_DIRECT_OBJC_ISA_USAGE = YES_ERROR;
				CLANG_WARN_DOCUMENTATION_COMMENTS = YES;
				CLANG_WARN_EMPTY_BODY = YES;
				CLANG_WARN_ENUM_CONVERSION = YES;
				CLANG_WARN_INFINITE_RECURSION = YES;
				CLANG_WARN_INT_CONVERSION = YES;
				CLANG_WARN_OBJC_ROOT_CLASS = YES_ERROR;
				CLANG_WARN_SUSPICIOUS_MOVES = YES;
				CLANG_WARN_UNREACHABLE_CODE = YES;
				CLANG_WARN__DUPLICATE_METHOD_MATCH = YES;
				"CODE_SIGN_IDENTITY[sdk=iphoneos*]" = "iPhone Developer";
				COPY_PHASE_STRIP = NO;
				DEBUG_INFORMATION_FORMAT = dwarf;
				ENABLE_STRICT_OBJC_MSGSEND = YES;
				ENABLE_TESTABILITY = YES;
				GCC_C_LANGUAGE_STANDARD = gnu99;
				GCC_DYNAMIC_NO_PIC = NO;
				GCC_NO_COMMON_BLOCKS = YES;
				GCC_OPTIMIZATION_LEVEL = 0;
				GCC_PREPROCESSOR_DEFINITIONS = (
					"DEBUG=1",
					"$(inherited)",
				);
				GCC_WARN_64_TO_32_BIT_CONVERSION = YES;
				GCC_WARN_ABOUT_RETURN_TYPE = YES_ERROR;
				GCC_WARN_UNDECLARED_SELECTOR = YES;
				GCC_WARN_UNINITIALIZED_AUTOS = YES_AGGRESSIVE;
				GCC_WARN_UNUSED_FUNCTION = YES;
				GCC_WARN_UNUSED_VARIABLE = YES;
				IPHONEOS_DEPLOYMENT_TARGET = 10.0;
				MTL_ENABLE_DEBUG_INFO = YES;
				ONLY_ACTIVE_ARCH = YES;
				SDKROOT = iphoneos;
				SWIFT_ACTIVE_COMPILATION_CONDITIONS = DEBUG;
				SWIFT_OPTIMIZATION_LEVEL = "-Onone";
				TARGETED_DEVICE_FAMILY = "1,2";
			};
			name = Debug;
		};
		17A06E301DCD3FC6001A1204 /* Release */ = {
			isa = XCBuildConfiguration;
			buildSettings = {
				ALWAYS_SEARCH_USER_PATHS = NO;
				CLANG_ANALYZER_NONNULL = YES;
				CLANG_CXX_LANGUAGE_STANDARD = "gnu++0x";
				CLANG_CXX_LIBRARY = "libc++";
				CLANG_ENABLE_MODULES = YES;
				CLANG_ENABLE_OBJC_ARC = YES;
				CLANG_WARN_BOOL_CONVERSION = YES;
				CLANG_WARN_CONSTANT_CONVERSION = YES;
				CLANG_WARN_DIRECT_OBJC_ISA_USAGE = YES_ERROR;
				CLANG_WARN_DOCUMENTATION_COMMENTS = YES;
				CLANG_WARN_EMPTY_BODY = YES;
				CLANG_WARN_ENUM_CONVERSION = YES;
				CLANG_WARN_INFINITE_RECURSION = YES;
				CLANG_WARN_INT_CONVERSION = YES;
				CLANG_WARN_OBJC_ROOT_CLASS = YES_ERROR;
				CLANG_WARN_SUSPICIOUS_MOVES = YES;
				CLANG_WARN_UNREACHABLE_CODE = YES;
				CLANG_WARN__DUPLICATE_METHOD_MATCH = YES;
				"CODE_SIGN_IDENTITY[sdk=iphoneos*]" = "iPhone Developer";
				COPY_PHASE_STRIP = NO;
				DEBUG_INFORMATION_FORMAT = "dwarf-with-dsym";
				ENABLE_NS_ASSERTIONS = NO;
				ENABLE_STRICT_OBJC_MSGSEND = YES;
				GCC_C_LANGUAGE_STANDARD = gnu99;
				GCC_NO_COMMON_BLOCKS = YES;
				GCC_WARN_64_TO_32_BIT_CONVERSION = YES;
				GCC_WARN_ABOUT_RETURN_TYPE = YES_ERROR;
				GCC_WARN_UNDECLARED_SELECTOR = YES;
				GCC_WARN_UNINITIALIZED_AUTOS = YES_AGGRESSIVE;
				GCC_WARN_UNUSED_FUNCTION = YES;
				GCC_WARN_UNUSED_VARIABLE = YES;
				IPHONEOS_DEPLOYMENT_TARGET = 10.0;
				MTL_ENABLE_DEBUG_INFO = NO;
				SDKROOT = iphoneos;
				SWIFT_OPTIMIZATION_LEVEL = "-Owholemodule";
				TARGETED_DEVICE_FAMILY = "1,2";
				VALIDATE_PRODUCT = YES;
			};
			name = Release;
		};
		17A06E321DCD3FC6001A1204 /* Debug */ = {
			isa = XCBuildConfiguration;
			buildSettings = {
				ASSETCATALOG_COMPILER_APPICON_NAME = AppIcon;
				DEVELOPMENT_TEAM = 4QGK58U3J6;
				INFOPLIST_FILE = TreasureHunt/Info.plist;
				LD_RUNPATH_SEARCH_PATHS = "$(inherited) @executable_path/Frameworks";
				LIBRARY_SEARCH_PATHS = (
					"$(inherited)",
					"$(PROJECT_DIR)/TreasureHunt/Vuforia/build/lib/arm",
				);
				PRODUCT_BUNDLE_IDENTIFIER = com.marinosoftware.TreasureHunt;
				PRODUCT_NAME = "$(TARGET_NAME)";
				SWIFT_VERSION = 3.0;
			};
			name = Debug;
		};
		17A06E331DCD3FC6001A1204 /* Release */ = {
			isa = XCBuildConfiguration;
			buildSettings = {
				ASSETCATALOG_COMPILER_APPICON_NAME = AppIcon;
				DEVELOPMENT_TEAM = 4QGK58U3J6;
				INFOPLIST_FILE = TreasureHunt/Info.plist;
				LD_RUNPATH_SEARCH_PATHS = "$(inherited) @executable_path/Frameworks";
				LIBRARY_SEARCH_PATHS = (
					"$(inherited)",
					"$(PROJECT_DIR)/TreasureHunt/Vuforia/build/lib/arm",
				);
				PRODUCT_BUNDLE_IDENTIFIER = com.marinosoftware.TreasureHunt;
				PRODUCT_NAME = "$(TARGET_NAME)";
				SWIFT_VERSION = 3.0;
			};
			name = Release;
		};
/* End XCBuildConfiguration section */

/* Begin XCConfigurationList section */
		17A06E1A1DCD3FC6001A1204 /* Build configuration list for PBXProject "TreasureHunt" */ = {
			isa = XCConfigurationList;
			buildConfigurations = (
				17A06E2F1DCD3FC6001A1204 /* Debug */,
				17A06E301DCD3FC6001A1204 /* Release */,
			);
			defaultConfigurationIsVisible = 0;
			defaultConfigurationName = Release;
		};
		17A06E311DCD3FC6001A1204 /* Build configuration list for PBXNativeTarget "TreasureHunt" */ = {
			isa = XCConfigurationList;
			buildConfigurations = (
				17A06E321DCD3FC6001A1204 /* Debug */,
				17A06E331DCD3FC6001A1204 /* Release */,
			);
			defaultConfigurationIsVisible = 0;
			defaultConfigurationName = Release;
		};
/* End XCConfigurationList section */
	};
	rootObject = 17A06E171DCD3FC6001A1204 /* Project object */;
}
