// !$*UTF8*$!
{
	archiveVersion = 1;
	classes = {
	};
	objectVersion = 46;
	objects = {

/* Begin PBXBuildFile section */
		F1452D7F1DCE15D300A40D46 /* main.m in Sources */ = {isa = PBXBuildFile; fileRef = F1452D7E1DCE15D300A40D46 /* main.m */; };
		F1452D821DCE15D300A40D46 /* AppDelegate.m in Sources */ = {isa = PBXBuildFile; fileRef = F1452D811DCE15D300A40D46 /* AppDelegate.m */; };
		F1452D851DCE15D300A40D46 /* ViewController.m in Sources */ = {isa = PBXBuildFile; fileRef = F1452D841DCE15D300A40D46 /* ViewController.m */; };
		F1452D881DCE15D300A40D46 /* Main.storyboard in Resources */ = {isa = PBXBuildFile; fileRef = F1452D861DCE15D300A40D46 /* Main.storyboard */; };
		F1452D8A1DCE15D300A40D46 /* Assets.xcassets in Resources */ = {isa = PBXBuildFile; fileRef = F1452D891DCE15D300A40D46 /* Assets.xcassets */; };
		F1452D981DCE162C00A40D46 /* LaunchScreen.storyboard in Resources */ = {isa = PBXBuildFile; fileRef = F1452D961DCE162C00A40D46 /* LaunchScreen.storyboard */; };
		F1452D9D1DCE1C5800A40D46 /* HuntViewController.m in Sources */ = {isa = PBXBuildFile; fileRef = F1452D9C1DCE1C5800A40D46 /* HuntViewController.m */; };
		F1452DA01DCE1C7900A40D46 /* TreasureListTableViewController.m in Sources */ = {isa = PBXBuildFile; fileRef = F1452D9F1DCE1C7900A40D46 /* TreasureListTableViewController.m */; };
		F1452DA31DCE1CBA00A40D46 /* LocationManager.m in Sources */ = {isa = PBXBuildFile; fileRef = F1452DA21DCE1CBA00A40D46 /* LocationManager.m */; };
		F1452DA71DCE1D2B00A40D46 /* TreasureListCell.m in Sources */ = {isa = PBXBuildFile; fileRef = F1452DA61DCE1D2B00A40D46 /* TreasureListCell.m */; };
		F1452DAB1DCE2A9700A40D46 /* ARViewController.mm in Sources */ = {isa = PBXBuildFile; fileRef = F1452DAA1DCE2A9700A40D46 /* ARViewController.mm */; };
		F1452DAD1DCE2AC100A40D46 /* libVuforia.a in Frameworks */ = {isa = PBXBuildFile; fileRef = F1452DAC1DCE2AC100A40D46 /* libVuforia.a */; };
		F1452E0C1DCE362E00A40D46 /* SampleMath.cpp in Sources */ = {isa = PBXBuildFile; fileRef = F1452E081DCE362E00A40D46 /* SampleMath.cpp */; };
		F1452E0D1DCE362E00A40D46 /* VideoPlaybackEAGLView.mm in Sources */ = {isa = PBXBuildFile; fileRef = F1452E0B1DCE362E00A40D46 /* VideoPlaybackEAGLView.mm */; };
		F1452E101DCE364800A40D46 /* Texture.mm in Sources */ = {isa = PBXBuildFile; fileRef = F1452E0F1DCE364800A40D46 /* Texture.mm */; };
		F1452E131DCE36AE00A40D46 /* SampleApplicationSession.mm in Sources */ = {isa = PBXBuildFile; fileRef = F1452E121DCE36AE00A40D46 /* SampleApplicationSession.mm */; };
		F1452E161DCE36BF00A40D46 /* VideoPlayerHelper.mm in Sources */ = {isa = PBXBuildFile; fileRef = F1452E151DCE36BF00A40D46 /* VideoPlayerHelper.mm */; };
		F1452E1A1DCE371D00A40D46 /* VideoPlaybackViewController.mm in Sources */ = {isa = PBXBuildFile; fileRef = F1452E191DCE371D00A40D46 /* VideoPlaybackViewController.mm */; };
		F1452E1D1DCE377300A40D46 /* SampleAppRenderer.mm in Sources */ = {isa = PBXBuildFile; fileRef = F1452E1C1DCE377300A40D46 /* SampleAppRenderer.mm */; };
		F1452E201DCE378600A40D46 /* SampleApplicationUtils.cpp in Sources */ = {isa = PBXBuildFile; fileRef = F1452E1E1DCE378600A40D46 /* SampleApplicationUtils.cpp */; };
		F1452E231DCE37EE00A40D46 /* SampleApplicationShaderUtils.m in Sources */ = {isa = PBXBuildFile; fileRef = F1452E221DCE37EE00A40D46 /* SampleApplicationShaderUtils.m */; };
		F1452E271DCE3AC100A40D46 /* CoreMotion.framework in Frameworks */ = {isa = PBXBuildFile; fileRef = F1452E261DCE3AC100A40D46 /* CoreMotion.framework */; };
		F1452E291DCE3ACF00A40D46 /* AVFoundation.framework in Frameworks */ = {isa = PBXBuildFile; fileRef = F1452E281DCE3ACF00A40D46 /* AVFoundation.framework */; };
		F1452E2B1DCE3B0400A40D46 /* CoreMedia.framework in Frameworks */ = {isa = PBXBuildFile; fileRef = F1452E2A1DCE3B0400A40D46 /* CoreMedia.framework */; };
		F1452E2D1DCE3B6E00A40D46 /* Foundation.framework in Frameworks */ = {isa = PBXBuildFile; fileRef = F1452E2C1DCE3B6E00A40D46 /* Foundation.framework */; };
		F1452E2F1DCE3C0400A40D46 /* CoreFoundation.framework in Frameworks */ = {isa = PBXBuildFile; fileRef = F1452E2E1DCE3C0400A40D46 /* CoreFoundation.framework */; };
		F1452E311DCE3C1700A40D46 /* UIKit.framework in Frameworks */ = {isa = PBXBuildFile; fileRef = F1452E301DCE3C1700A40D46 /* UIKit.framework */; };
		F1452E331DCE3C2400A40D46 /* QuartzCore.framework in Frameworks */ = {isa = PBXBuildFile; fileRef = F1452E321DCE3C2400A40D46 /* QuartzCore.framework */; };
		F1452E351DCE3C3100A40D46 /* MediaPlayer.framework in Frameworks */ = {isa = PBXBuildFile; fileRef = F1452E341DCE3C3100A40D46 /* MediaPlayer.framework */; };
		F1452E371DCE3C5F00A40D46 /* SystemConfiguration.framework in Frameworks */ = {isa = PBXBuildFile; fileRef = F1452E361DCE3C5F00A40D46 /* SystemConfiguration.framework */; };
/* End PBXBuildFile section */

/* Begin PBXFileReference section */
		F1452D7A1DCE15D300A40D46 /* TreasureHuntObjc.app */ = {isa = PBXFileReference; explicitFileType = wrapper.application; includeInIndex = 0; path = TreasureHuntObjc.app; sourceTree = BUILT_PRODUCTS_DIR; };
		F1452D7E1DCE15D300A40D46 /* main.m */ = {isa = PBXFileReference; lastKnownFileType = sourcecode.c.objc; path = main.m; sourceTree = "<group>"; };
		F1452D801DCE15D300A40D46 /* AppDelegate.h */ = {isa = PBXFileReference; lastKnownFileType = sourcecode.c.h; path = AppDelegate.h; sourceTree = "<group>"; };
		F1452D811DCE15D300A40D46 /* AppDelegate.m */ = {isa = PBXFileReference; lastKnownFileType = sourcecode.c.objc; path = AppDelegate.m; sourceTree = "<group>"; };
		F1452D831DCE15D300A40D46 /* ViewController.h */ = {isa = PBXFileReference; lastKnownFileType = sourcecode.c.h; path = ViewController.h; sourceTree = "<group>"; };
		F1452D841DCE15D300A40D46 /* ViewController.m */ = {isa = PBXFileReference; lastKnownFileType = sourcecode.c.objc; path = ViewController.m; sourceTree = "<group>"; };
		F1452D871DCE15D300A40D46 /* Base */ = {isa = PBXFileReference; lastKnownFileType = file.storyboard; name = Base; path = Base.lproj/Main.storyboard; sourceTree = "<group>"; };
		F1452D891DCE15D300A40D46 /* Assets.xcassets */ = {isa = PBXFileReference; lastKnownFileType = folder.assetcatalog; path = Assets.xcassets; sourceTree = "<group>"; };
		F1452D8E1DCE15D300A40D46 /* Info.plist */ = {isa = PBXFileReference; lastKnownFileType = text.plist.xml; path = Info.plist; sourceTree = "<group>"; };
		F1452D961DCE162C00A40D46 /* LaunchScreen.storyboard */ = {isa = PBXFileReference; fileEncoding = 4; lastKnownFileType = file.storyboard; path = LaunchScreen.storyboard; sourceTree = "<group>"; };
		F1452D9B1DCE1C5800A40D46 /* HuntViewController.h */ = {isa = PBXFileReference; fileEncoding = 4; lastKnownFileType = sourcecode.c.h; path = HuntViewController.h; sourceTree = "<group>"; };
		F1452D9C1DCE1C5800A40D46 /* HuntViewController.m */ = {isa = PBXFileReference; fileEncoding = 4; lastKnownFileType = sourcecode.c.objc; path = HuntViewController.m; sourceTree = "<group>"; };
		F1452D9E1DCE1C7900A40D46 /* TreasureListTableViewController.h */ = {isa = PBXFileReference; fileEncoding = 4; lastKnownFileType = sourcecode.c.h; path = TreasureListTableViewController.h; sourceTree = "<group>"; };
		F1452D9F1DCE1C7900A40D46 /* TreasureListTableViewController.m */ = {isa = PBXFileReference; fileEncoding = 4; lastKnownFileType = sourcecode.c.objc; path = TreasureListTableViewController.m; sourceTree = "<group>"; };
		F1452DA11DCE1CBA00A40D46 /* LocationManager.h */ = {isa = PBXFileReference; fileEncoding = 4; lastKnownFileType = sourcecode.c.h; path = LocationManager.h; sourceTree = "<group>"; };
		F1452DA21DCE1CBA00A40D46 /* LocationManager.m */ = {isa = PBXFileReference; fileEncoding = 4; lastKnownFileType = sourcecode.c.objc; path = LocationManager.m; sourceTree = "<group>"; };
		F1452DA51DCE1D2B00A40D46 /* TreasureListCell.h */ = {isa = PBXFileReference; fileEncoding = 4; lastKnownFileType = sourcecode.c.h; path = TreasureListCell.h; sourceTree = "<group>"; };
		F1452DA61DCE1D2B00A40D46 /* TreasureListCell.m */ = {isa = PBXFileReference; fileEncoding = 4; lastKnownFileType = sourcecode.c.objc; path = TreasureListCell.m; sourceTree = "<group>"; };
		F1452DA91DCE2A9700A40D46 /* ARViewController.h */ = {isa = PBXFileReference; fileEncoding = 4; lastKnownFileType = sourcecode.c.h; path = ARViewController.h; sourceTree = "<group>"; };
		F1452DAA1DCE2A9700A40D46 /* ARViewController.mm */ = {isa = PBXFileReference; fileEncoding = 4; lastKnownFileType = sourcecode.cpp.objcpp; path = ARViewController.mm; sourceTree = "<group>"; };
		F1452DAC1DCE2AC100A40D46 /* libVuforia.a */ = {isa = PBXFileReference; lastKnownFileType = archive.ar; name = libVuforia.a; path = Vuforia/build/lib/arm/libVuforia.a; sourceTree = "<group>"; };
		F1452DB01DCE2B9300A40D46 /* Area.h */ = {isa = PBXFileReference; lastKnownFileType = sourcecode.c.h; path = Area.h; sourceTree = "<group>"; };
		F1452DB11DCE2B9300A40D46 /* Box3D.h */ = {isa = PBXFileReference; lastKnownFileType = sourcecode.c.h; path = Box3D.h; sourceTree = "<group>"; };
		F1452DB21DCE2B9300A40D46 /* CameraCalibration.h */ = {isa = PBXFileReference; lastKnownFileType = sourcecode.c.h; path = CameraCalibration.h; sourceTree = "<group>"; };
		F1452DB31DCE2B9300A40D46 /* CameraDevice.h */ = {isa = PBXFileReference; lastKnownFileType = sourcecode.c.h; path = CameraDevice.h; sourceTree = "<group>"; };
		F1452DB41DCE2B9300A40D46 /* CameraField.h */ = {isa = PBXFileReference; lastKnownFileType = sourcecode.c.h; path = CameraField.h; sourceTree = "<group>"; };
		F1452DB51DCE2B9300A40D46 /* CustomViewerParameters.h */ = {isa = PBXFileReference; lastKnownFileType = sourcecode.c.h; path = CustomViewerParameters.h; sourceTree = "<group>"; };
		F1452DB61DCE2B9300A40D46 /* CylinderTarget.h */ = {isa = PBXFileReference; lastKnownFileType = sourcecode.c.h; path = CylinderTarget.h; sourceTree = "<group>"; };
		F1452DB71DCE2B9300A40D46 /* CylinderTargetResult.h */ = {isa = PBXFileReference; lastKnownFileType = sourcecode.c.h; path = CylinderTargetResult.h; sourceTree = "<group>"; };
		F1452DB81DCE2B9300A40D46 /* DataSet.h */ = {isa = PBXFileReference; lastKnownFileType = sourcecode.c.h; path = DataSet.h; sourceTree = "<group>"; };
		F1452DB91DCE2B9300A40D46 /* Device.h */ = {isa = PBXFileReference; lastKnownFileType = sourcecode.c.h; path = Device.h; sourceTree = "<group>"; };
		F1452DBA1DCE2B9300A40D46 /* DeviceTrackable.h */ = {isa = PBXFileReference; lastKnownFileType = sourcecode.c.h; path = DeviceTrackable.h; sourceTree = "<group>"; };
		F1452DBB1DCE2B9300A40D46 /* DeviceTrackableResult.h */ = {isa = PBXFileReference; lastKnownFileType = sourcecode.c.h; path = DeviceTrackableResult.h; sourceTree = "<group>"; };
		F1452DBC1DCE2B9300A40D46 /* DeviceTracker.h */ = {isa = PBXFileReference; lastKnownFileType = sourcecode.c.h; path = DeviceTracker.h; sourceTree = "<group>"; };
		F1452DBD1DCE2B9300A40D46 /* EyeID.h */ = {isa = PBXFileReference; lastKnownFileType = sourcecode.c.h; path = EyeID.h; sourceTree = "<group>"; };
		F1452DBE1DCE2B9300A40D46 /* EyewearCalibrationProfileManager.h */ = {isa = PBXFileReference; lastKnownFileType = sourcecode.c.h; path = EyewearCalibrationProfileManager.h; sourceTree = "<group>"; };
		F1452DBF1DCE2B9300A40D46 /* EyewearCalibrationReading.h */ = {isa = PBXFileReference; lastKnownFileType = sourcecode.c.h; path = EyewearCalibrationReading.h; sourceTree = "<group>"; };
		F1452DC01DCE2B9300A40D46 /* EyewearDevice.h */ = {isa = PBXFileReference; lastKnownFileType = sourcecode.c.h; path = EyewearDevice.h; sourceTree = "<group>"; };
		F1452DC11DCE2B9300A40D46 /* EyewearUserCalibrator.h */ = {isa = PBXFileReference; lastKnownFileType = sourcecode.c.h; path = EyewearUserCalibrator.h; sourceTree = "<group>"; };
		F1452DC21DCE2B9300A40D46 /* Frame.h */ = {isa = PBXFileReference; lastKnownFileType = sourcecode.c.h; path = Frame.h; sourceTree = "<group>"; };
		F1452DC31DCE2B9300A40D46 /* GLRenderer.h */ = {isa = PBXFileReference; lastKnownFileType = sourcecode.c.h; path = GLRenderer.h; sourceTree = "<group>"; };
		F1452DC41DCE2B9300A40D46 /* HandheldTransformModel.h */ = {isa = PBXFileReference; lastKnownFileType = sourcecode.c.h; path = HandheldTransformModel.h; sourceTree = "<group>"; };
		F1452DC51DCE2B9300A40D46 /* HeadTransformModel.h */ = {isa = PBXFileReference; lastKnownFileType = sourcecode.c.h; path = HeadTransformModel.h; sourceTree = "<group>"; };
		F1452DC61DCE2B9300A40D46 /* Image.h */ = {isa = PBXFileReference; lastKnownFileType = sourcecode.c.h; path = Image.h; sourceTree = "<group>"; };
		F1452DC71DCE2B9300A40D46 /* ImageTarget.h */ = {isa = PBXFileReference; lastKnownFileType = sourcecode.c.h; path = ImageTarget.h; sourceTree = "<group>"; };
		F1452DC81DCE2B9300A40D46 /* ImageTargetBuilder.h */ = {isa = PBXFileReference; lastKnownFileType = sourcecode.c.h; path = ImageTargetBuilder.h; sourceTree = "<group>"; };
		F1452DC91DCE2B9300A40D46 /* ImageTargetResult.h */ = {isa = PBXFileReference; lastKnownFileType = sourcecode.c.h; path = ImageTargetResult.h; sourceTree = "<group>"; };
		F1452DCA1DCE2B9300A40D46 /* InstanceId.h */ = {isa = PBXFileReference; lastKnownFileType = sourcecode.c.h; path = InstanceId.h; sourceTree = "<group>"; };
		F1452DCB1DCE2B9300A40D46 /* Marker.h */ = {isa = PBXFileReference; lastKnownFileType = sourcecode.c.h; path = Marker.h; sourceTree = "<group>"; };
		F1452DCC1DCE2B9300A40D46 /* MarkerResult.h */ = {isa = PBXFileReference; lastKnownFileType = sourcecode.c.h; path = MarkerResult.h; sourceTree = "<group>"; };
		F1452DCD1DCE2B9300A40D46 /* MarkerTracker.h */ = {isa = PBXFileReference; lastKnownFileType = sourcecode.c.h; path = MarkerTracker.h; sourceTree = "<group>"; };
		F1452DCE1DCE2B9300A40D46 /* Matrices.h */ = {isa = PBXFileReference; lastKnownFileType = sourcecode.c.h; path = Matrices.h; sourceTree = "<group>"; };
		F1452DCF1DCE2B9300A40D46 /* Mesh.h */ = {isa = PBXFileReference; lastKnownFileType = sourcecode.c.h; path = Mesh.h; sourceTree = "<group>"; };
		F1452DD01DCE2B9300A40D46 /* MetalRenderer.h */ = {isa = PBXFileReference; lastKnownFileType = sourcecode.c.h; path = MetalRenderer.h; sourceTree = "<group>"; };
		F1452DD11DCE2B9300A40D46 /* MultiTarget.h */ = {isa = PBXFileReference; lastKnownFileType = sourcecode.c.h; path = MultiTarget.h; sourceTree = "<group>"; };
		F1452DD21DCE2B9300A40D46 /* MultiTargetResult.h */ = {isa = PBXFileReference; lastKnownFileType = sourcecode.c.h; path = MultiTargetResult.h; sourceTree = "<group>"; };
		F1452DD31DCE2B9300A40D46 /* NonCopyable.h */ = {isa = PBXFileReference; lastKnownFileType = sourcecode.c.h; path = NonCopyable.h; sourceTree = "<group>"; };
		F1452DD41DCE2B9300A40D46 /* Obb2D.h */ = {isa = PBXFileReference; lastKnownFileType = sourcecode.c.h; path = Obb2D.h; sourceTree = "<group>"; };
		F1452DD51DCE2B9300A40D46 /* Obb3D.h */ = {isa = PBXFileReference; lastKnownFileType = sourcecode.c.h; path = Obb3D.h; sourceTree = "<group>"; };
		F1452DD61DCE2B9300A40D46 /* ObjectTarget.h */ = {isa = PBXFileReference; lastKnownFileType = sourcecode.c.h; path = ObjectTarget.h; sourceTree = "<group>"; };
		F1452DD71DCE2B9300A40D46 /* ObjectTargetResult.h */ = {isa = PBXFileReference; lastKnownFileType = sourcecode.c.h; path = ObjectTargetResult.h; sourceTree = "<group>"; };
		F1452DD81DCE2B9300A40D46 /* ObjectTracker.h */ = {isa = PBXFileReference; lastKnownFileType = sourcecode.c.h; path = ObjectTracker.h; sourceTree = "<group>"; };
		F1452DD91DCE2B9300A40D46 /* Prop.h */ = {isa = PBXFileReference; lastKnownFileType = sourcecode.c.h; path = Prop.h; sourceTree = "<group>"; };
		F1452DDA1DCE2B9300A40D46 /* PropResult.h */ = {isa = PBXFileReference; lastKnownFileType = sourcecode.c.h; path = PropResult.h; sourceTree = "<group>"; };
		F1452DDB1DCE2B9300A40D46 /* Reconstruction.h */ = {isa = PBXFileReference; lastKnownFileType = sourcecode.c.h; path = Reconstruction.h; sourceTree = "<group>"; };
		F1452DDC1DCE2B9300A40D46 /* ReconstructionFromTarget.h */ = {isa = PBXFileReference; lastKnownFileType = sourcecode.c.h; path = ReconstructionFromTarget.h; sourceTree = "<group>"; };
		F1452DDD1DCE2B9300A40D46 /* Rectangle.h */ = {isa = PBXFileReference; lastKnownFileType = sourcecode.c.h; path = Rectangle.h; sourceTree = "<group>"; };
		F1452DDE1DCE2B9300A40D46 /* Renderer.h */ = {isa = PBXFileReference; lastKnownFileType = sourcecode.c.h; path = Renderer.h; sourceTree = "<group>"; };
		F1452DDF1DCE2B9300A40D46 /* RenderingPrimitives.h */ = {isa = PBXFileReference; lastKnownFileType = sourcecode.c.h; path = RenderingPrimitives.h; sourceTree = "<group>"; };
		F1452DE01DCE2B9300A40D46 /* RotationalDeviceTracker.h */ = {isa = PBXFileReference; lastKnownFileType = sourcecode.c.h; path = RotationalDeviceTracker.h; sourceTree = "<group>"; };
		F1452DE11DCE2B9300A40D46 /* SmartTerrainBuilder.h */ = {isa = PBXFileReference; lastKnownFileType = sourcecode.c.h; path = SmartTerrainBuilder.h; sourceTree = "<group>"; };
		F1452DE21DCE2B9300A40D46 /* SmartTerrainTrackable.h */ = {isa = PBXFileReference; lastKnownFileType = sourcecode.c.h; path = SmartTerrainTrackable.h; sourceTree = "<group>"; };
		F1452DE31DCE2B9300A40D46 /* SmartTerrainTracker.h */ = {isa = PBXFileReference; lastKnownFileType = sourcecode.c.h; path = SmartTerrainTracker.h; sourceTree = "<group>"; };
		F1452DE41DCE2B9300A40D46 /* State.h */ = {isa = PBXFileReference; lastKnownFileType = sourcecode.c.h; path = State.h; sourceTree = "<group>"; };
		F1452DE51DCE2B9300A40D46 /* StateUpdater.h */ = {isa = PBXFileReference; lastKnownFileType = sourcecode.c.h; path = StateUpdater.h; sourceTree = "<group>"; };
		F1452DE61DCE2B9300A40D46 /* Surface.h */ = {isa = PBXFileReference; lastKnownFileType = sourcecode.c.h; path = Surface.h; sourceTree = "<group>"; };
		F1452DE71DCE2B9300A40D46 /* SurfaceResult.h */ = {isa = PBXFileReference; lastKnownFileType = sourcecode.c.h; path = SurfaceResult.h; sourceTree = "<group>"; };
		F1452DE81DCE2B9300A40D46 /* System.h */ = {isa = PBXFileReference; lastKnownFileType = sourcecode.c.h; path = System.h; sourceTree = "<group>"; };
		F1452DE91DCE2B9300A40D46 /* TargetFinder.h */ = {isa = PBXFileReference; lastKnownFileType = sourcecode.c.h; path = TargetFinder.h; sourceTree = "<group>"; };
		F1452DEA1DCE2B9300A40D46 /* TargetSearchResult.h */ = {isa = PBXFileReference; lastKnownFileType = sourcecode.c.h; path = TargetSearchResult.h; sourceTree = "<group>"; };
		F1452DEB1DCE2B9300A40D46 /* TextTracker.h */ = {isa = PBXFileReference; lastKnownFileType = sourcecode.c.h; path = TextTracker.h; sourceTree = "<group>"; };
		F1452DEC1DCE2B9300A40D46 /* Tool.h */ = {isa = PBXFileReference; lastKnownFileType = sourcecode.c.h; path = Tool.h; sourceTree = "<group>"; };
		F1452DED1DCE2B9300A40D46 /* Trackable.h */ = {isa = PBXFileReference; lastKnownFileType = sourcecode.c.h; path = Trackable.h; sourceTree = "<group>"; };
		F1452DEE1DCE2B9300A40D46 /* TrackableResult.h */ = {isa = PBXFileReference; lastKnownFileType = sourcecode.c.h; path = TrackableResult.h; sourceTree = "<group>"; };
		F1452DEF1DCE2B9300A40D46 /* TrackableSource.h */ = {isa = PBXFileReference; lastKnownFileType = sourcecode.c.h; path = TrackableSource.h; sourceTree = "<group>"; };
		F1452DF01DCE2B9300A40D46 /* Tracker.h */ = {isa = PBXFileReference; lastKnownFileType = sourcecode.c.h; path = Tracker.h; sourceTree = "<group>"; };
		F1452DF11DCE2B9300A40D46 /* TrackerManager.h */ = {isa = PBXFileReference; lastKnownFileType = sourcecode.c.h; path = TrackerManager.h; sourceTree = "<group>"; };
		F1452DF21DCE2B9300A40D46 /* TransformModel.h */ = {isa = PBXFileReference; lastKnownFileType = sourcecode.c.h; path = TransformModel.h; sourceTree = "<group>"; };
		F1452DF31DCE2B9300A40D46 /* Type.h */ = {isa = PBXFileReference; lastKnownFileType = sourcecode.c.h; path = Type.h; sourceTree = "<group>"; };
		F1452DF41DCE2B9300A40D46 /* UIGLViewProtocol.h */ = {isa = PBXFileReference; lastKnownFileType = sourcecode.c.h; path = UIGLViewProtocol.h; sourceTree = "<group>"; };
		F1452DF51DCE2B9300A40D46 /* UpdateCallback.h */ = {isa = PBXFileReference; lastKnownFileType = sourcecode.c.h; path = UpdateCallback.h; sourceTree = "<group>"; };
		F1452DF61DCE2B9300A40D46 /* Vectors.h */ = {isa = PBXFileReference; lastKnownFileType = sourcecode.c.h; path = Vectors.h; sourceTree = "<group>"; };
		F1452DF71DCE2B9300A40D46 /* VideoBackgroundConfig.h */ = {isa = PBXFileReference; lastKnownFileType = sourcecode.c.h; path = VideoBackgroundConfig.h; sourceTree = "<group>"; };
		F1452DF81DCE2B9300A40D46 /* VideoBackgroundTextureInfo.h */ = {isa = PBXFileReference; lastKnownFileType = sourcecode.c.h; path = VideoBackgroundTextureInfo.h; sourceTree = "<group>"; };
		F1452DF91DCE2B9300A40D46 /* VideoMode.h */ = {isa = PBXFileReference; lastKnownFileType = sourcecode.c.h; path = VideoMode.h; sourceTree = "<group>"; };
		F1452DFA1DCE2B9300A40D46 /* View.h */ = {isa = PBXFileReference; lastKnownFileType = sourcecode.c.h; path = View.h; sourceTree = "<group>"; };
		F1452DFB1DCE2B9300A40D46 /* ViewerParameters.h */ = {isa = PBXFileReference; lastKnownFileType = sourcecode.c.h; path = ViewerParameters.h; sourceTree = "<group>"; };
		F1452DFC1DCE2B9300A40D46 /* ViewerParametersList.h */ = {isa = PBXFileReference; lastKnownFileType = sourcecode.c.h; path = ViewerParametersList.h; sourceTree = "<group>"; };
		F1452DFD1DCE2B9300A40D46 /* ViewList.h */ = {isa = PBXFileReference; lastKnownFileType = sourcecode.c.h; path = ViewList.h; sourceTree = "<group>"; };
		F1452DFE1DCE2B9300A40D46 /* VirtualButton.h */ = {isa = PBXFileReference; lastKnownFileType = sourcecode.c.h; path = VirtualButton.h; sourceTree = "<group>"; };
		F1452DFF1DCE2B9300A40D46 /* VirtualButtonResult.h */ = {isa = PBXFileReference; lastKnownFileType = sourcecode.c.h; path = VirtualButtonResult.h; sourceTree = "<group>"; };
		F1452E001DCE2B9300A40D46 /* Vuforia.h */ = {isa = PBXFileReference; lastKnownFileType = sourcecode.c.h; path = Vuforia.h; sourceTree = "<group>"; };
		F1452E011DCE2B9300A40D46 /* Vuforia_iOS.h */ = {isa = PBXFileReference; lastKnownFileType = sourcecode.c.h; path = Vuforia_iOS.h; sourceTree = "<group>"; };
		F1452E021DCE2B9300A40D46 /* VuMarkTarget.h */ = {isa = PBXFileReference; lastKnownFileType = sourcecode.c.h; path = VuMarkTarget.h; sourceTree = "<group>"; };
		F1452E031DCE2B9300A40D46 /* VuMarkTargetResult.h */ = {isa = PBXFileReference; lastKnownFileType = sourcecode.c.h; path = VuMarkTargetResult.h; sourceTree = "<group>"; };
		F1452E041DCE2B9300A40D46 /* VuMarkTemplate.h */ = {isa = PBXFileReference; lastKnownFileType = sourcecode.c.h; path = VuMarkTemplate.h; sourceTree = "<group>"; };
		F1452E051DCE2B9300A40D46 /* Word.h */ = {isa = PBXFileReference; lastKnownFileType = sourcecode.c.h; path = Word.h; sourceTree = "<group>"; };
		F1452E061DCE2B9300A40D46 /* WordList.h */ = {isa = PBXFileReference; lastKnownFileType = sourcecode.c.h; path = WordList.h; sourceTree = "<group>"; };
		F1452E071DCE2B9300A40D46 /* WordResult.h */ = {isa = PBXFileReference; lastKnownFileType = sourcecode.c.h; path = WordResult.h; sourceTree = "<group>"; };
		F1452E081DCE362E00A40D46 /* SampleMath.cpp */ = {isa = PBXFileReference; fileEncoding = 4; lastKnownFileType = sourcecode.cpp.cpp; path = SampleMath.cpp; sourceTree = "<group>"; };
		F1452E091DCE362E00A40D46 /* SampleMath.h */ = {isa = PBXFileReference; fileEncoding = 4; lastKnownFileType = sourcecode.c.h; path = SampleMath.h; sourceTree = "<group>"; };
		F1452E0A1DCE362E00A40D46 /* VideoPlaybackEAGLView.h */ = {isa = PBXFileReference; fileEncoding = 4; lastKnownFileType = sourcecode.c.h; path = VideoPlaybackEAGLView.h; sourceTree = "<group>"; };
		F1452E0B1DCE362E00A40D46 /* VideoPlaybackEAGLView.mm */ = {isa = PBXFileReference; fileEncoding = 4; lastKnownFileType = sourcecode.cpp.objcpp; path = VideoPlaybackEAGLView.mm; sourceTree = "<group>"; };
		F1452E0E1DCE364800A40D46 /* Texture.h */ = {isa = PBXFileReference; fileEncoding = 4; lastKnownFileType = sourcecode.c.h; path = Texture.h; sourceTree = "<group>"; };
		F1452E0F1DCE364800A40D46 /* Texture.mm */ = {isa = PBXFileReference; fileEncoding = 4; lastKnownFileType = sourcecode.cpp.objcpp; path = Texture.mm; sourceTree = "<group>"; };
		F1452E111DCE36AE00A40D46 /* SampleApplicationSession.h */ = {isa = PBXFileReference; fileEncoding = 4; lastKnownFileType = sourcecode.c.h; path = SampleApplicationSession.h; sourceTree = "<group>"; };
		F1452E121DCE36AE00A40D46 /* SampleApplicationSession.mm */ = {isa = PBXFileReference; fileEncoding = 4; lastKnownFileType = sourcecode.cpp.objcpp; path = SampleApplicationSession.mm; sourceTree = "<group>"; };
		F1452E141DCE36BF00A40D46 /* VideoPlayerHelper.h */ = {isa = PBXFileReference; fileEncoding = 4; lastKnownFileType = sourcecode.c.h; path = VideoPlayerHelper.h; sourceTree = "<group>"; };
		F1452E151DCE36BF00A40D46 /* VideoPlayerHelper.mm */ = {isa = PBXFileReference; fileEncoding = 4; lastKnownFileType = sourcecode.cpp.objcpp; path = VideoPlayerHelper.mm; sourceTree = "<group>"; };
		F1452E171DCE36F900A40D46 /* SampleGLResourceHandler.h */ = {isa = PBXFileReference; lastKnownFileType = sourcecode.c.h; path = SampleGLResourceHandler.h; sourceTree = "<group>"; };
		F1452E181DCE371D00A40D46 /* VideoPlaybackViewController.h */ = {isa = PBXFileReference; fileEncoding = 4; lastKnownFileType = sourcecode.c.h; path = VideoPlaybackViewController.h; sourceTree = "<group>"; };
		F1452E191DCE371D00A40D46 /* VideoPlaybackViewController.mm */ = {isa = PBXFileReference; fileEncoding = 4; lastKnownFileType = sourcecode.cpp.objcpp; path = VideoPlaybackViewController.mm; sourceTree = "<group>"; };
		F1452E1B1DCE377300A40D46 /* SampleAppRenderer.h */ = {isa = PBXFileReference; fileEncoding = 4; lastKnownFileType = sourcecode.c.h; path = SampleAppRenderer.h; sourceTree = "<group>"; };
		F1452E1C1DCE377300A40D46 /* SampleAppRenderer.mm */ = {isa = PBXFileReference; fileEncoding = 4; lastKnownFileType = sourcecode.cpp.objcpp; path = SampleAppRenderer.mm; sourceTree = "<group>"; };
		F1452E1E1DCE378600A40D46 /* SampleApplicationUtils.cpp */ = {isa = PBXFileReference; fileEncoding = 4; lastKnownFileType = sourcecode.cpp.cpp; path = SampleApplicationUtils.cpp; sourceTree = "<group>"; };
		F1452E1F1DCE378600A40D46 /* SampleApplicationUtils.h */ = {isa = PBXFileReference; fileEncoding = 4; lastKnownFileType = sourcecode.c.h; path = SampleApplicationUtils.h; sourceTree = "<group>"; };
		F1452E211DCE37EE00A40D46 /* SampleApplicationShaderUtils.h */ = {isa = PBXFileReference; fileEncoding = 4; lastKnownFileType = sourcecode.c.h; path = SampleApplicationShaderUtils.h; sourceTree = "<group>"; };
		F1452E221DCE37EE00A40D46 /* SampleApplicationShaderUtils.m */ = {isa = PBXFileReference; fileEncoding = 4; lastKnownFileType = sourcecode.c.objc; path = SampleApplicationShaderUtils.m; sourceTree = "<group>"; };
		F1452E241DCE382000A40D46 /* Quad.h */ = {isa = PBXFileReference; lastKnownFileType = sourcecode.c.h; path = Quad.h; sourceTree = "<group>"; };
		F1452E261DCE3AC100A40D46 /* CoreMotion.framework */ = {isa = PBXFileReference; lastKnownFileType = wrapper.framework; name = CoreMotion.framework; path = System/Library/Frameworks/CoreMotion.framework; sourceTree = SDKROOT; };
		F1452E281DCE3ACF00A40D46 /* AVFoundation.framework */ = {isa = PBXFileReference; lastKnownFileType = wrapper.framework; name = AVFoundation.framework; path = System/Library/Frameworks/AVFoundation.framework; sourceTree = SDKROOT; };
		F1452E2A1DCE3B0400A40D46 /* CoreMedia.framework */ = {isa = PBXFileReference; lastKnownFileType = wrapper.framework; name = CoreMedia.framework; path = System/Library/Frameworks/CoreMedia.framework; sourceTree = SDKROOT; };
		F1452E2C1DCE3B6E00A40D46 /* Foundation.framework */ = {isa = PBXFileReference; lastKnownFileType = wrapper.framework; name = Foundation.framework; path = System/Library/Frameworks/Foundation.framework; sourceTree = SDKROOT; };
		F1452E2E1DCE3C0400A40D46 /* CoreFoundation.framework */ = {isa = PBXFileReference; lastKnownFileType = wrapper.framework; name = CoreFoundation.framework; path = System/Library/Frameworks/CoreFoundation.framework; sourceTree = SDKROOT; };
		F1452E301DCE3C1700A40D46 /* UIKit.framework */ = {isa = PBXFileReference; lastKnownFileType = wrapper.framework; name = UIKit.framework; path = System/Library/Frameworks/UIKit.framework; sourceTree = SDKROOT; };
		F1452E321DCE3C2400A40D46 /* QuartzCore.framework */ = {isa = PBXFileReference; lastKnownFileType = wrapper.framework; name = QuartzCore.framework; path = System/Library/Frameworks/QuartzCore.framework; sourceTree = SDKROOT; };
		F1452E341DCE3C3100A40D46 /* MediaPlayer.framework */ = {isa = PBXFileReference; lastKnownFileType = wrapper.framework; name = MediaPlayer.framework; path = System/Library/Frameworks/MediaPlayer.framework; sourceTree = SDKROOT; };
		F1452E361DCE3C5F00A40D46 /* SystemConfiguration.framework */ = {isa = PBXFileReference; lastKnownFileType = wrapper.framework; name = SystemConfiguration.framework; path = System/Library/Frameworks/SystemConfiguration.framework; sourceTree = SDKROOT; };
/* End PBXFileReference section */

/* Begin PBXFrameworksBuildPhase section */
		F1452D771DCE15D300A40D46 /* Frameworks */ = {
			isa = PBXFrameworksBuildPhase;
			buildActionMask = 2147483647;
			files = (
				F1452E371DCE3C5F00A40D46 /* SystemConfiguration.framework in Frameworks */,
				F1452E351DCE3C3100A40D46 /* MediaPlayer.framework in Frameworks */,
				F1452E331DCE3C2400A40D46 /* QuartzCore.framework in Frameworks */,
				F1452E311DCE3C1700A40D46 /* UIKit.framework in Frameworks */,
				F1452E2F1DCE3C0400A40D46 /* CoreFoundation.framework in Frameworks */,
				F1452E2D1DCE3B6E00A40D46 /* Foundation.framework in Frameworks */,
				F1452E2B1DCE3B0400A40D46 /* CoreMedia.framework in Frameworks */,
				F1452E291DCE3ACF00A40D46 /* AVFoundation.framework in Frameworks */,
				F1452E271DCE3AC100A40D46 /* CoreMotion.framework in Frameworks */,
				F1452DAD1DCE2AC100A40D46 /* libVuforia.a in Frameworks */,
			);
			runOnlyForDeploymentPostprocessing = 0;
		};
/* End PBXFrameworksBuildPhase section */

/* Begin PBXGroup section */
		F1452D711DCE15D300A40D46 = {
			isa = PBXGroup;
			children = (
				F1452D7C1DCE15D300A40D46 /* TreasureHuntObjc */,
				F1452D7B1DCE15D300A40D46 /* Products */,
				F1452E251DCE3AC100A40D46 /* Frameworks */,
			);
			sourceTree = "<group>";
		};
		F1452D7B1DCE15D300A40D46 /* Products */ = {
			isa = PBXGroup;
			children = (
				F1452D7A1DCE15D300A40D46 /* TreasureHuntObjc.app */,
			);
			name = Products;
			sourceTree = "<group>";
		};
		F1452D7C1DCE15D300A40D46 /* TreasureHuntObjc */ = {
			isa = PBXGroup;
			children = (
				F1452DAE1DCE2B7E00A40D46 /* lib */,
				F1452DA81DCE2A8500A40D46 /* AR */,
				F1452DA41DCE1D0C00A40D46 /* Views */,
				F1452D9A1DCE1C3300A40D46 /* ViewControllers */,
				F1452D991DCE1C2B00A40D46 /* Models */,
				F1452D941DCE161F00A40D46 /* Storyboards */,
				F1452D801DCE15D300A40D46 /* AppDelegate.h */,
				F1452D811DCE15D300A40D46 /* AppDelegate.m */,
				F1452D891DCE15D300A40D46 /* Assets.xcassets */,
				F1452D8E1DCE15D300A40D46 /* Info.plist */,
				F1452D7D1DCE15D300A40D46 /* Supporting Files */,
			);
			path = TreasureHuntObjc;
			sourceTree = "<group>";
		};
		F1452D7D1DCE15D300A40D46 /* Supporting Files */ = {
			isa = PBXGroup;
			children = (
				F1452D7E1DCE15D300A40D46 /* main.m */,
			);
			name = "Supporting Files";
			sourceTree = "<group>";
		};
		F1452D941DCE161F00A40D46 /* Storyboards */ = {
			isa = PBXGroup;
			children = (
				F1452D861DCE15D300A40D46 /* Main.storyboard */,
				F1452D961DCE162C00A40D46 /* LaunchScreen.storyboard */,
			);
			name = Storyboards;
			sourceTree = "<group>";
		};
		F1452D991DCE1C2B00A40D46 /* Models */ = {
			isa = PBXGroup;
			children = (
				F1452DA11DCE1CBA00A40D46 /* LocationManager.h */,
				F1452DA21DCE1CBA00A40D46 /* LocationManager.m */,
			);
			name = Models;
			sourceTree = "<group>";
		};
		F1452D9A1DCE1C3300A40D46 /* ViewControllers */ = {
			isa = PBXGroup;
			children = (
				F1452D831DCE15D300A40D46 /* ViewController.h */,
				F1452D841DCE15D300A40D46 /* ViewController.m */,
				F1452D9B1DCE1C5800A40D46 /* HuntViewController.h */,
				F1452D9C1DCE1C5800A40D46 /* HuntViewController.m */,
				F1452D9E1DCE1C7900A40D46 /* TreasureListTableViewController.h */,
				F1452D9F1DCE1C7900A40D46 /* TreasureListTableViewController.m */,
			);
			name = ViewControllers;
			sourceTree = "<group>";
		};
		F1452DA41DCE1D0C00A40D46 /* Views */ = {
			isa = PBXGroup;
			children = (
				F1452DA51DCE1D2B00A40D46 /* TreasureListCell.h */,
				F1452DA61DCE1D2B00A40D46 /* TreasureListCell.m */,
			);
			name = Views;
			sourceTree = "<group>";
		};
		F1452DA81DCE2A8500A40D46 /* AR */ = {
			isa = PBXGroup;
			children = (
				F1452E211DCE37EE00A40D46 /* SampleApplicationShaderUtils.h */,
				F1452E221DCE37EE00A40D46 /* SampleApplicationShaderUtils.m */,
				F1452E1E1DCE378600A40D46 /* SampleApplicationUtils.cpp */,
				F1452E1F1DCE378600A40D46 /* SampleApplicationUtils.h */,
				F1452E1B1DCE377300A40D46 /* SampleAppRenderer.h */,
				F1452E1C1DCE377300A40D46 /* SampleAppRenderer.mm */,
				F1452E181DCE371D00A40D46 /* VideoPlaybackViewController.h */,
				F1452E191DCE371D00A40D46 /* VideoPlaybackViewController.mm */,
				F1452E171DCE36F900A40D46 /* SampleGLResourceHandler.h */,
				F1452E141DCE36BF00A40D46 /* VideoPlayerHelper.h */,
				F1452E151DCE36BF00A40D46 /* VideoPlayerHelper.mm */,
				F1452E111DCE36AE00A40D46 /* SampleApplicationSession.h */,
				F1452E121DCE36AE00A40D46 /* SampleApplicationSession.mm */,
				F1452E0E1DCE364800A40D46 /* Texture.h */,
				F1452E0F1DCE364800A40D46 /* Texture.mm */,
				F1452E241DCE382000A40D46 /* Quad.h */,
				F1452E081DCE362E00A40D46 /* SampleMath.cpp */,
				F1452E091DCE362E00A40D46 /* SampleMath.h */,
				F1452E0A1DCE362E00A40D46 /* VideoPlaybackEAGLView.h */,
				F1452E0B1DCE362E00A40D46 /* VideoPlaybackEAGLView.mm */,
				F1452DA91DCE2A9700A40D46 /* ARViewController.h */,
				F1452DAA1DCE2A9700A40D46 /* ARViewController.mm */,
			);
			name = AR;
			sourceTree = "<group>";
		};
		F1452DAE1DCE2B7E00A40D46 /* lib */ = {
			isa = PBXGroup;
			children = (
				F1452DAF1DCE2B9300A40D46 /* headers */,
				F1452DAC1DCE2AC100A40D46 /* libVuforia.a */,
			);
			name = lib;
			sourceTree = "<group>";
		};
		F1452DAF1DCE2B9300A40D46 /* headers */ = {
			isa = PBXGroup;
			children = (
				F1452DB01DCE2B9300A40D46 /* Area.h */,
				F1452DB11DCE2B9300A40D46 /* Box3D.h */,
				F1452DB21DCE2B9300A40D46 /* CameraCalibration.h */,
				F1452DB31DCE2B9300A40D46 /* CameraDevice.h */,
				F1452DB41DCE2B9300A40D46 /* CameraField.h */,
				F1452DB51DCE2B9300A40D46 /* CustomViewerParameters.h */,
				F1452DB61DCE2B9300A40D46 /* CylinderTarget.h */,
				F1452DB71DCE2B9300A40D46 /* CylinderTargetResult.h */,
				F1452DB81DCE2B9300A40D46 /* DataSet.h */,
				F1452DB91DCE2B9300A40D46 /* Device.h */,
				F1452DBA1DCE2B9300A40D46 /* DeviceTrackable.h */,
				F1452DBB1DCE2B9300A40D46 /* DeviceTrackableResult.h */,
				F1452DBC1DCE2B9300A40D46 /* DeviceTracker.h */,
				F1452DBD1DCE2B9300A40D46 /* EyeID.h */,
				F1452DBE1DCE2B9300A40D46 /* EyewearCalibrationProfileManager.h */,
				F1452DBF1DCE2B9300A40D46 /* EyewearCalibrationReading.h */,
				F1452DC01DCE2B9300A40D46 /* EyewearDevice.h */,
				F1452DC11DCE2B9300A40D46 /* EyewearUserCalibrator.h */,
				F1452DC21DCE2B9300A40D46 /* Frame.h */,
				F1452DC31DCE2B9300A40D46 /* GLRenderer.h */,
				F1452DC41DCE2B9300A40D46 /* HandheldTransformModel.h */,
				F1452DC51DCE2B9300A40D46 /* HeadTransformModel.h */,
				F1452DC61DCE2B9300A40D46 /* Image.h */,
				F1452DC71DCE2B9300A40D46 /* ImageTarget.h */,
				F1452DC81DCE2B9300A40D46 /* ImageTargetBuilder.h */,
				F1452DC91DCE2B9300A40D46 /* ImageTargetResult.h */,
				F1452DCA1DCE2B9300A40D46 /* InstanceId.h */,
				F1452DCB1DCE2B9300A40D46 /* Marker.h */,
				F1452DCC1DCE2B9300A40D46 /* MarkerResult.h */,
				F1452DCD1DCE2B9300A40D46 /* MarkerTracker.h */,
				F1452DCE1DCE2B9300A40D46 /* Matrices.h */,
				F1452DCF1DCE2B9300A40D46 /* Mesh.h */,
				F1452DD01DCE2B9300A40D46 /* MetalRenderer.h */,
				F1452DD11DCE2B9300A40D46 /* MultiTarget.h */,
				F1452DD21DCE2B9300A40D46 /* MultiTargetResult.h */,
				F1452DD31DCE2B9300A40D46 /* NonCopyable.h */,
				F1452DD41DCE2B9300A40D46 /* Obb2D.h */,
				F1452DD51DCE2B9300A40D46 /* Obb3D.h */,
				F1452DD61DCE2B9300A40D46 /* ObjectTarget.h */,
				F1452DD71DCE2B9300A40D46 /* ObjectTargetResult.h */,
				F1452DD81DCE2B9300A40D46 /* ObjectTracker.h */,
				F1452DD91DCE2B9300A40D46 /* Prop.h */,
				F1452DDA1DCE2B9300A40D46 /* PropResult.h */,
				F1452DDB1DCE2B9300A40D46 /* Reconstruction.h */,
				F1452DDC1DCE2B9300A40D46 /* ReconstructionFromTarget.h */,
				F1452DDD1DCE2B9300A40D46 /* Rectangle.h */,
				F1452DDE1DCE2B9300A40D46 /* Renderer.h */,
				F1452DDF1DCE2B9300A40D46 /* RenderingPrimitives.h */,
				F1452DE01DCE2B9300A40D46 /* RotationalDeviceTracker.h */,
				F1452DE11DCE2B9300A40D46 /* SmartTerrainBuilder.h */,
				F1452DE21DCE2B9300A40D46 /* SmartTerrainTrackable.h */,
				F1452DE31DCE2B9300A40D46 /* SmartTerrainTracker.h */,
				F1452DE41DCE2B9300A40D46 /* State.h */,
				F1452DE51DCE2B9300A40D46 /* StateUpdater.h */,
				F1452DE61DCE2B9300A40D46 /* Surface.h */,
				F1452DE71DCE2B9300A40D46 /* SurfaceResult.h */,
				F1452DE81DCE2B9300A40D46 /* System.h */,
				F1452DE91DCE2B9300A40D46 /* TargetFinder.h */,
				F1452DEA1DCE2B9300A40D46 /* TargetSearchResult.h */,
				F1452DEB1DCE2B9300A40D46 /* TextTracker.h */,
				F1452DEC1DCE2B9300A40D46 /* Tool.h */,
				F1452DED1DCE2B9300A40D46 /* Trackable.h */,
				F1452DEE1DCE2B9300A40D46 /* TrackableResult.h */,
				F1452DEF1DCE2B9300A40D46 /* TrackableSource.h */,
				F1452DF01DCE2B9300A40D46 /* Tracker.h */,
				F1452DF11DCE2B9300A40D46 /* TrackerManager.h */,
				F1452DF21DCE2B9300A40D46 /* TransformModel.h */,
				F1452DF31DCE2B9300A40D46 /* Type.h */,
				F1452DF41DCE2B9300A40D46 /* UIGLViewProtocol.h */,
				F1452DF51DCE2B9300A40D46 /* UpdateCallback.h */,
				F1452DF61DCE2B9300A40D46 /* Vectors.h */,
				F1452DF71DCE2B9300A40D46 /* VideoBackgroundConfig.h */,
				F1452DF81DCE2B9300A40D46 /* VideoBackgroundTextureInfo.h */,
				F1452DF91DCE2B9300A40D46 /* VideoMode.h */,
				F1452DFA1DCE2B9300A40D46 /* View.h */,
				F1452DFB1DCE2B9300A40D46 /* ViewerParameters.h */,
				F1452DFC1DCE2B9300A40D46 /* ViewerParametersList.h */,
				F1452DFD1DCE2B9300A40D46 /* ViewList.h */,
				F1452DFE1DCE2B9300A40D46 /* VirtualButton.h */,
				F1452DFF1DCE2B9300A40D46 /* VirtualButtonResult.h */,
				F1452E001DCE2B9300A40D46 /* Vuforia.h */,
				F1452E011DCE2B9300A40D46 /* Vuforia_iOS.h */,
				F1452E021DCE2B9300A40D46 /* VuMarkTarget.h */,
				F1452E031DCE2B9300A40D46 /* VuMarkTargetResult.h */,
				F1452E041DCE2B9300A40D46 /* VuMarkTemplate.h */,
				F1452E051DCE2B9300A40D46 /* Word.h */,
				F1452E061DCE2B9300A40D46 /* WordList.h */,
				F1452E071DCE2B9300A40D46 /* WordResult.h */,
			);
			name = headers;
			path = Vuforia/build/include/Vuforia;
			sourceTree = "<group>";
		};
		F1452E251DCE3AC100A40D46 /* Frameworks */ = {
			isa = PBXGroup;
			children = (
				F1452E361DCE3C5F00A40D46 /* SystemConfiguration.framework */,
				F1452E341DCE3C3100A40D46 /* MediaPlayer.framework */,
				F1452E321DCE3C2400A40D46 /* QuartzCore.framework */,
				F1452E301DCE3C1700A40D46 /* UIKit.framework */,
				F1452E2E1DCE3C0400A40D46 /* CoreFoundation.framework */,
				F1452E2C1DCE3B6E00A40D46 /* Foundation.framework */,
				F1452E2A1DCE3B0400A40D46 /* CoreMedia.framework */,
				F1452E281DCE3ACF00A40D46 /* AVFoundation.framework */,
				F1452E261DCE3AC100A40D46 /* CoreMotion.framework */,
			);
			name = Frameworks;
			sourceTree = "<group>";
		};
/* End PBXGroup section */

/* Begin PBXNativeTarget section */
		F1452D791DCE15D300A40D46 /* TreasureHuntObjc */ = {
			isa = PBXNativeTarget;
			buildConfigurationList = F1452D911DCE15D300A40D46 /* Build configuration list for PBXNativeTarget "TreasureHuntObjc" */;
			buildPhases = (
				F1452D761DCE15D300A40D46 /* Sources */,
				F1452D771DCE15D300A40D46 /* Frameworks */,
				F1452D781DCE15D300A40D46 /* Resources */,
			);
			buildRules = (
			);
			dependencies = (
			);
			name = TreasureHuntObjc;
			productName = TreasureHuntObjc;
			productReference = F1452D7A1DCE15D300A40D46 /* TreasureHuntObjc.app */;
			productType = "com.apple.product-type.application";
		};
/* End PBXNativeTarget section */

/* Begin PBXProject section */
		F1452D721DCE15D300A40D46 /* Project object */ = {
			isa = PBXProject;
			attributes = {
				LastUpgradeCheck = 0810;
				TargetAttributes = {
					F1452D791DCE15D300A40D46 = {
						CreatedOnToolsVersion = 8.1;
						DevelopmentTeam = 4QGK58U3J6;
						ProvisioningStyle = Automatic;
					};
				};
			};
			buildConfigurationList = F1452D751DCE15D300A40D46 /* Build configuration list for PBXProject "TreasureHuntObjc" */;
			compatibilityVersion = "Xcode 3.2";
			developmentRegion = English;
			hasScannedForEncodings = 0;
			knownRegions = (
				en,
				Base,
			);
			mainGroup = F1452D711DCE15D300A40D46;
			productRefGroup = F1452D7B1DCE15D300A40D46 /* Products */;
			projectDirPath = "";
			projectRoot = "";
			targets = (
				F1452D791DCE15D300A40D46 /* TreasureHuntObjc */,
			);
		};
/* End PBXProject section */

/* Begin PBXResourcesBuildPhase section */
		F1452D781DCE15D300A40D46 /* Resources */ = {
			isa = PBXResourcesBuildPhase;
			buildActionMask = 2147483647;
			files = (
				F1452D8A1DCE15D300A40D46 /* Assets.xcassets in Resources */,
				F1452D881DCE15D300A40D46 /* Main.storyboard in Resources */,
				F1452D981DCE162C00A40D46 /* LaunchScreen.storyboard in Resources */,
			);
			runOnlyForDeploymentPostprocessing = 0;
		};
/* End PBXResourcesBuildPhase section */

/* Begin PBXSourcesBuildPhase section */
		F1452D761DCE15D300A40D46 /* Sources */ = {
			isa = PBXSourcesBuildPhase;
			buildActionMask = 2147483647;
			files = (
				F1452DA71DCE1D2B00A40D46 /* TreasureListCell.m in Sources */,
				F1452E131DCE36AE00A40D46 /* SampleApplicationSession.mm in Sources */,
				F1452E201DCE378600A40D46 /* SampleApplicationUtils.cpp in Sources */,
				F1452DA31DCE1CBA00A40D46 /* LocationManager.m in Sources */,
				F1452D851DCE15D300A40D46 /* ViewController.m in Sources */,
				F1452E0C1DCE362E00A40D46 /* SampleMath.cpp in Sources */,
				F1452E161DCE36BF00A40D46 /* VideoPlayerHelper.mm in Sources */,
				F1452E231DCE37EE00A40D46 /* SampleApplicationShaderUtils.m in Sources */,
				F1452D9D1DCE1C5800A40D46 /* HuntViewController.m in Sources */,
				F1452E1A1DCE371D00A40D46 /* VideoPlaybackViewController.mm in Sources */,
				F1452E1D1DCE377300A40D46 /* SampleAppRenderer.mm in Sources */,
				F1452D821DCE15D300A40D46 /* AppDelegate.m in Sources */,
				F1452DA01DCE1C7900A40D46 /* TreasureListTableViewController.m in Sources */,
				F1452D7F1DCE15D300A40D46 /* main.m in Sources */,
				F1452E0D1DCE362E00A40D46 /* VideoPlaybackEAGLView.mm in Sources */,
				F1452DAB1DCE2A9700A40D46 /* ARViewController.mm in Sources */,
				F1452E101DCE364800A40D46 /* Texture.mm in Sources */,
			);
			runOnlyForDeploymentPostprocessing = 0;
		};
/* End PBXSourcesBuildPhase section */

/* Begin PBXVariantGroup section */
		F1452D861DCE15D300A40D46 /* Main.storyboard */ = {
			isa = PBXVariantGroup;
			children = (
				F1452D871DCE15D300A40D46 /* Base */,
			);
			name = Main.storyboard;
			sourceTree = "<group>";
		};
/* End PBXVariantGroup section */

/* Begin XCBuildConfiguration section */
		F1452D8F1DCE15D300A40D46 /* Debug */ = {
			isa = XCBuildConfiguration;
			buildSettings = {
				ALWAYS_SEARCH_USER_PATHS = NO;
				CLANG_ANALYZER_NONNULL = YES;
				CLANG_CXX_LANGUAGE_STANDARD = "gnu++0x";
				CLANG_CXX_LIBRARY = "libc++";
				CLANG_ENABLE_MODULES = YES;
				CLANG_ENABLE_OBJC_ARC = YES;
				CLANG_WARN_BOOL_CONVERSION = YES;
				CLANG_WARN_CONSTANT_CONVERSION = YES;
				CLANG_WARN_DIRECT_OBJC_ISA_USAGE = YES_ERROR;
				CLANG_WARN_DOCUMENTATION_COMMENTS = YES;
				CLANG_WARN_EMPTY_BODY = YES;
				CLANG_WARN_ENUM_CONVERSION = YES;
				CLANG_WARN_INFINITE_RECURSION = YES;
				CLANG_WARN_INT_CONVERSION = YES;
				CLANG_WARN_OBJC_ROOT_CLASS = YES_ERROR;
				CLANG_WARN_SUSPICIOUS_MOVES = YES;
				CLANG_WARN_UNREACHABLE_CODE = YES;
				CLANG_WARN__DUPLICATE_METHOD_MATCH = YES;
				"CODE_SIGN_IDENTITY[sdk=iphoneos*]" = "iPhone Developer";
				COPY_PHASE_STRIP = NO;
				DEBUG_INFORMATION_FORMAT = dwarf;
				ENABLE_STRICT_OBJC_MSGSEND = YES;
				ENABLE_TESTABILITY = YES;
				GCC_C_LANGUAGE_STANDARD = gnu99;
				GCC_DYNAMIC_NO_PIC = NO;
				GCC_NO_COMMON_BLOCKS = YES;
				GCC_OPTIMIZATION_LEVEL = 0;
				GCC_PREPROCESSOR_DEFINITIONS = (
					"DEBUG=1",
					"$(inherited)",
				);
				GCC_WARN_64_TO_32_BIT_CONVERSION = YES;
				GCC_WARN_ABOUT_RETURN_TYPE = YES_ERROR;
				GCC_WARN_UNDECLARED_SELECTOR = YES;
				GCC_WARN_UNINITIALIZED_AUTOS = YES_AGGRESSIVE;
				GCC_WARN_UNUSED_FUNCTION = YES;
				GCC_WARN_UNUSED_VARIABLE = YES;
				IPHONEOS_DEPLOYMENT_TARGET = 10.1;
				MTL_ENABLE_DEBUG_INFO = YES;
				ONLY_ACTIVE_ARCH = YES;
				SDKROOT = iphoneos;
				TARGETED_DEVICE_FAMILY = "1,2";
			};
			name = Debug;
		};
		F1452D901DCE15D300A40D46 /* Release */ = {
			isa = XCBuildConfiguration;
			buildSettings = {
				ALWAYS_SEARCH_USER_PATHS = NO;
				CLANG_ANALYZER_NONNULL = YES;
				CLANG_CXX_LANGUAGE_STANDARD = "gnu++0x";
				CLANG_CXX_LIBRARY = "libc++";
				CLANG_ENABLE_MODULES = YES;
				CLANG_ENABLE_OBJC_ARC = YES;
				CLANG_WARN_BOOL_CONVERSION = YES;
				CLANG_WARN_CONSTANT_CONVERSION = YES;
				CLANG_WARN_DIRECT_OBJC_ISA_USAGE = YES_ERROR;
				CLANG_WARN_DOCUMENTATION_COMMENTS = YES;
				CLANG_WARN_EMPTY_BODY = YES;
				CLANG_WARN_ENUM_CONVERSION = YES;
				CLANG_WARN_INFINITE_RECURSION = YES;
				CLANG_WARN_INT_CONVERSION = YES;
				CLANG_WARN_OBJC_ROOT_CLASS = YES_ERROR;
				CLANG_WARN_SUSPICIOUS_MOVES = YES;
				CLANG_WARN_UNREACHABLE_CODE = YES;
				CLANG_WARN__DUPLICATE_METHOD_MATCH = YES;
				"CODE_SIGN_IDENTITY[sdk=iphoneos*]" = "iPhone Developer";
				COPY_PHASE_STRIP = NO;
				DEBUG_INFORMATION_FORMAT = "dwarf-with-dsym";
				ENABLE_NS_ASSERTIONS = NO;
				ENABLE_STRICT_OBJC_MSGSEND = YES;
				GCC_C_LANGUAGE_STANDARD = gnu99;
				GCC_NO_COMMON_BLOCKS = YES;
				GCC_WARN_64_TO_32_BIT_CONVERSION = YES;
				GCC_WARN_ABOUT_RETURN_TYPE = YES_ERROR;
				GCC_WARN_UNDECLARED_SELECTOR = YES;
				GCC_WARN_UNINITIALIZED_AUTOS = YES_AGGRESSIVE;
				GCC_WARN_UNUSED_FUNCTION = YES;
				GCC_WARN_UNUSED_VARIABLE = YES;
				IPHONEOS_DEPLOYMENT_TARGET = 10.1;
				MTL_ENABLE_DEBUG_INFO = NO;
				SDKROOT = iphoneos;
				TARGETED_DEVICE_FAMILY = "1,2";
				VALIDATE_PRODUCT = YES;
			};
			name = Release;
		};
		F1452D921DCE15D300A40D46 /* Debug */ = {
			isa = XCBuildConfiguration;
			buildSettings = {
				ASSETCATALOG_COMPILER_APPICON_NAME = AppIcon;
				DEVELOPMENT_TEAM = 4QGK58U3J6;
				ENABLE_BITCODE = NO;
				HEADER_SEARCH_PATHS = "$(PROJECT_DIR)/**";
				INFOPLIST_FILE = TreasureHuntObjc/Info.plist;
				IPHONEOS_DEPLOYMENT_TARGET = 10.0;
				LD_RUNPATH_SEARCH_PATHS = "$(inherited) @executable_path/Frameworks";
				LIBRARY_SEARCH_PATHS = (
					"$(inherited)",
					"$(PROJECT_DIR)/TreasureHuntObjc/Vuforia/build/lib/arm",
				);
				PRODUCT_BUNDLE_IDENTIFIER = com.marinosoftware.TreasureHuntObjc;
				PRODUCT_NAME = "$(TARGET_NAME)";
				USER_HEADER_SEARCH_PATHS = "";
			};
			name = Debug;
		};
		F1452D931DCE15D300A40D46 /* Release */ = {
			isa = XCBuildConfiguration;
			buildSettings = {
				ASSETCATALOG_COMPILER_APPICON_NAME = AppIcon;
				DEVELOPMENT_TEAM = 4QGK58U3J6;
				ENABLE_BITCODE = NO;
				HEADER_SEARCH_PATHS = "$(PROJECT_DIR)/**";
				INFOPLIST_FILE = TreasureHuntObjc/Info.plist;
				IPHONEOS_DEPLOYMENT_TARGET = 10.0;
				LD_RUNPATH_SEARCH_PATHS = "$(inherited) @executable_path/Frameworks";
				LIBRARY_SEARCH_PATHS = (
					"$(inherited)",
					"$(PROJECT_DIR)/TreasureHuntObjc/Vuforia/build/lib/arm",
				);
				PRODUCT_BUNDLE_IDENTIFIER = com.marinosoftware.TreasureHuntObjc;
				PRODUCT_NAME = "$(TARGET_NAME)";
				USER_HEADER_SEARCH_PATHS = "";
			};
			name = Release;
		};
/* End XCBuildConfiguration section */

/* Begin XCConfigurationList section */
		F1452D751DCE15D300A40D46 /* Build configuration list for PBXProject "TreasureHuntObjc" */ = {
			isa = XCConfigurationList;
			buildConfigurations = (
				F1452D8F1DCE15D300A40D46 /* Debug */,
				F1452D901DCE15D300A40D46 /* Release */,
			);
			defaultConfigurationIsVisible = 0;
			defaultConfigurationName = Release;
		};
		F1452D911DCE15D300A40D46 /* Build configuration list for PBXNativeTarget "TreasureHuntObjc" */ = {
			isa = XCConfigurationList;
			buildConfigurations = (
				F1452D921DCE15D300A40D46 /* Debug */,
				F1452D931DCE15D300A40D46 /* Release */,
			);
			defaultConfigurationIsVisible = 0;
			defaultConfigurationName = Release;
		};
/* End XCConfigurationList section */
	};
	rootObject = F1452D721DCE15D300A40D46 /* Project object */;
}
