// !$*UTF8*$!
{
	archiveVersion = 1;
	classes = {
	};
	objectVersion = 46;
	objects = {

/* Begin PBXBuildFile section */
		F1452D7F1DCE15D300A40D46 /* main.m in Sources */ = {isa = PBXBuildFile; fileRef = F1452D7E1DCE15D300A40D46 /* main.m */; };
		F1452D821DCE15D300A40D46 /* AppDelegate.m in Sources */ = {isa = PBXBuildFile; fileRef = F1452D811DCE15D300A40D46 /* AppDelegate.m */; };
		F1452D851DCE15D300A40D46 /* ViewController.m in Sources */ = {isa = PBXBuildFile; fileRef = F1452D841DCE15D300A40D46 /* ViewController.m */; };
		F1452D881DCE15D300A40D46 /* Main.storyboard in Resources */ = {isa = PBXBuildFile; fileRef = F1452D861DCE15D300A40D46 /* Main.storyboard */; };
		F1452D8A1DCE15D300A40D46 /* Assets.xcassets in Resources */ = {isa = PBXBuildFile; fileRef = F1452D891DCE15D300A40D46 /* Assets.xcassets */; };
		F1452D8D1DCE15D300A40D46 /* LaunchScreen.storyboard in Resources */ = {isa = PBXBuildFile; fileRef = F1452D8B1DCE15D300A40D46 /* LaunchScreen.storyboard */; };
		F1452D971DCE162C00A40D46 /* Main.storyboard in Resources */ = {isa = PBXBuildFile; fileRef = F1452D951DCE162C00A40D46 /* Main.storyboard */; };
		F1452D981DCE162C00A40D46 /* LaunchScreen.storyboard in Resources */ = {isa = PBXBuildFile; fileRef = F1452D961DCE162C00A40D46 /* LaunchScreen.storyboard */; };
/* End PBXBuildFile section */

/* Begin PBXFileReference section */
		F1452D7A1DCE15D300A40D46 /* TreasureHuntObjc.app */ = {isa = PBXFileReference; explicitFileType = wrapper.application; includeInIndex = 0; path = TreasureHuntObjc.app; sourceTree = BUILT_PRODUCTS_DIR; };
		F1452D7E1DCE15D300A40D46 /* main.m */ = {isa = PBXFileReference; lastKnownFileType = sourcecode.c.objc; path = main.m; sourceTree = "<group>"; };
		F1452D801DCE15D300A40D46 /* AppDelegate.h */ = {isa = PBXFileReference; lastKnownFileType = sourcecode.c.h; path = AppDelegate.h; sourceTree = "<group>"; };
		F1452D811DCE15D300A40D46 /* AppDelegate.m */ = {isa = PBXFileReference; lastKnownFileType = sourcecode.c.objc; path = AppDelegate.m; sourceTree = "<group>"; };
		F1452D831DCE15D300A40D46 /* ViewController.h */ = {isa = PBXFileReference; lastKnownFileType = sourcecode.c.h; path = ViewController.h; sourceTree = "<group>"; };
		F1452D841DCE15D300A40D46 /* ViewController.m */ = {isa = PBXFileReference; lastKnownFileType = sourcecode.c.objc; path = ViewController.m; sourceTree = "<group>"; };
		F1452D871DCE15D300A40D46 /* Base */ = {isa = PBXFileReference; lastKnownFileType = file.storyboard; name = Base; path = Base.lproj/Main.storyboard; sourceTree = "<group>"; };
		F1452D891DCE15D300A40D46 /* Assets.xcassets */ = {isa = PBXFileReference; lastKnownFileType = folder.assetcatalog; path = Assets.xcassets; sourceTree = "<group>"; };
		F1452D8C1DCE15D300A40D46 /* Base */ = {isa = PBXFileReference; lastKnownFileType = file.storyboard; name = Base; path = Base.lproj/LaunchScreen.storyboard; sourceTree = "<group>"; };
		F1452D8E1DCE15D300A40D46 /* Info.plist */ = {isa = PBXFileReference; lastKnownFileType = text.plist.xml; path = Info.plist; sourceTree = "<group>"; };
		F1452D951DCE162C00A40D46 /* Main.storyboard */ = {isa = PBXFileReference; fileEncoding = 4; lastKnownFileType = file.storyboard; path = Main.storyboard; sourceTree = "<group>"; };
		F1452D961DCE162C00A40D46 /* LaunchScreen.storyboard */ = {isa = PBXFileReference; fileEncoding = 4; lastKnownFileType = file.storyboard; path = LaunchScreen.storyboard; sourceTree = "<group>"; };
/* End PBXFileReference section */

/* Begin PBXFrameworksBuildPhase section */
		F1452D771DCE15D300A40D46 /* Frameworks */ = {
			isa = PBXFrameworksBuildPhase;
			buildActionMask = 2147483647;
			files = (
			);
			runOnlyForDeploymentPostprocessing = 0;
		};
/* End PBXFrameworksBuildPhase section */

/* Begin PBXGroup section */
		F1452D711DCE15D300A40D46 = {
			isa = PBXGroup;
			children = (
				F1452D7C1DCE15D300A40D46 /* TreasureHuntObjc */,
				F1452D7B1DCE15D300A40D46 /* Products */,
			);
			sourceTree = "<group>";
		};
		F1452D7B1DCE15D300A40D46 /* Products */ = {
			isa = PBXGroup;
			children = (
				F1452D7A1DCE15D300A40D46 /* TreasureHuntObjc.app */,
			);
			name = Products;
			sourceTree = "<group>";
		};
		F1452D7C1DCE15D300A40D46 /* TreasureHuntObjc */ = {
			isa = PBXGroup;
			children = (
				F1452D941DCE161F00A40D46 /* Storyboards */,
				F1452D801DCE15D300A40D46 /* AppDelegate.h */,
				F1452D811DCE15D300A40D46 /* AppDelegate.m */,
				F1452D831DCE15D300A40D46 /* ViewController.h */,
				F1452D841DCE15D300A40D46 /* ViewController.m */,
				F1452D861DCE15D300A40D46 /* Main.storyboard */,
				F1452D891DCE15D300A40D46 /* Assets.xcassets */,
				F1452D8B1DCE15D300A40D46 /* LaunchScreen.storyboard */,
				F1452D8E1DCE15D300A40D46 /* Info.plist */,
				F1452D7D1DCE15D300A40D46 /* Supporting Files */,
			);
			path = TreasureHuntObjc;
			sourceTree = "<group>";
		};
		F1452D7D1DCE15D300A40D46 /* Supporting Files */ = {
			isa = PBXGroup;
			children = (
				F1452D7E1DCE15D300A40D46 /* main.m */,
			);
			name = "Supporting Files";
			sourceTree = "<group>";
		};
		F1452D941DCE161F00A40D46 /* Storyboards */ = {
			isa = PBXGroup;
			children = (
				F1452D951DCE162C00A40D46 /* Main.storyboard */,
				F1452D961DCE162C00A40D46 /* LaunchScreen.storyboard */,
			);
			name = Storyboards;
			sourceTree = "<group>";
		};
/* End PBXGroup section */

/* Begin PBXNativeTarget section */
		F1452D791DCE15D300A40D46 /* TreasureHuntObjc */ = {
			isa = PBXNativeTarget;
			buildConfigurationList = F1452D911DCE15D300A40D46 /* Build configuration list for PBXNativeTarget "TreasureHuntObjc" */;
			buildPhases = (
				F1452D761DCE15D300A40D46 /* Sources */,
				F1452D771DCE15D300A40D46 /* Frameworks */,
				F1452D781DCE15D300A40D46 /* Resources */,
			);
			buildRules = (
			);
			dependencies = (
			);
			name = TreasureHuntObjc;
			productName = TreasureHuntObjc;
			productReference = F1452D7A1DCE15D300A40D46 /* TreasureHuntObjc.app */;
			productType = "com.apple.product-type.application";
		};
/* End PBXNativeTarget section */

/* Begin PBXProject section */
		F1452D721DCE15D300A40D46 /* Project object */ = {
			isa = PBXProject;
			attributes = {
				LastUpgradeCheck = 0810;
				TargetAttributes = {
					F1452D791DCE15D300A40D46 = {
						CreatedOnToolsVersion = 8.1;
						DevelopmentTeam = 4QGK58U3J6;
						ProvisioningStyle = Automatic;
					};
				};
			};
			buildConfigurationList = F1452D751DCE15D300A40D46 /* Build configuration list for PBXProject "TreasureHuntObjc" */;
			compatibilityVersion = "Xcode 3.2";
			developmentRegion = English;
			hasScannedForEncodings = 0;
			knownRegions = (
				en,
				Base,
			);
			mainGroup = F1452D711DCE15D300A40D46;
			productRefGroup = F1452D7B1DCE15D300A40D46 /* Products */;
			projectDirPath = "";
			projectRoot = "";
			targets = (
				F1452D791DCE15D300A40D46 /* TreasureHuntObjc */,
			);
		};
/* End PBXProject section */

/* Begin PBXResourcesBuildPhase section */
		F1452D781DCE15D300A40D46 /* Resources */ = {
			isa = PBXResourcesBuildPhase;
			buildActionMask = 2147483647;
			files = (
				F1452D8D1DCE15D300A40D46 /* LaunchScreen.storyboard in Resources */,
				F1452D8A1DCE15D300A40D46 /* Assets.xcassets in Resources */,
				F1452D881DCE15D300A40D46 /* Main.storyboard in Resources */,
				F1452D981DCE162C00A40D46 /* LaunchScreen.storyboard in Resources */,
				F1452D971DCE162C00A40D46 /* Main.storyboard in Resources */,
			);
			runOnlyForDeploymentPostprocessing = 0;
		};
/* End PBXResourcesBuildPhase section */

/* Begin PBXSourcesBuildPhase section */
		F1452D761DCE15D300A40D46 /* Sources */ = {
			isa = PBXSourcesBuildPhase;
			buildActionMask = 2147483647;
			files = (
				F1452D851DCE15D300A40D46 /* ViewController.m in Sources */,
				F1452D821DCE15D300A40D46 /* AppDelegate.m in Sources */,
				F1452D7F1DCE15D300A40D46 /* main.m in Sources */,
			);
			runOnlyForDeploymentPostprocessing = 0;
		};
/* End PBXSourcesBuildPhase section */

/* Begin PBXVariantGroup section */
		F1452D861DCE15D300A40D46 /* Main.storyboard */ = {
			isa = PBXVariantGroup;
			children = (
				F1452D871DCE15D300A40D46 /* Base */,
			);
			name = Main.storyboard;
			sourceTree = "<group>";
		};
		F1452D8B1DCE15D300A40D46 /* LaunchScreen.storyboard */ = {
			isa = PBXVariantGroup;
			children = (
				F1452D8C1DCE15D300A40D46 /* Base */,
			);
			name = LaunchScreen.storyboard;
			sourceTree = "<group>";
		};
/* End PBXVariantGroup section */

/* Begin XCBuildConfiguration section */
		F1452D8F1DCE15D300A40D46 /* Debug */ = {
			isa = XCBuildConfiguration;
			buildSettings = {
				ALWAYS_SEARCH_USER_PATHS = NO;
				CLANG_ANALYZER_NONNULL = YES;
				CLANG_CXX_LANGUAGE_STANDARD = "gnu++0x";
				CLANG_CXX_LIBRARY = "libc++";
				CLANG_ENABLE_MODULES = YES;
				CLANG_ENABLE_OBJC_ARC = YES;
				CLANG_WARN_BOOL_CONVERSION = YES;
				CLANG_WARN_CONSTANT_CONVERSION = YES;
				CLANG_WARN_DIRECT_OBJC_ISA_USAGE = YES_ERROR;
				CLANG_WARN_DOCUMENTATION_COMMENTS = YES;
				CLANG_WARN_EMPTY_BODY = YES;
				CLANG_WARN_ENUM_CONVERSION = YES;
				CLANG_WARN_INFINITE_RECURSION = YES;
				CLANG_WARN_INT_CONVERSION = YES;
				CLANG_WARN_OBJC_ROOT_CLASS = YES_ERROR;
				CLANG_WARN_SUSPICIOUS_MOVES = YES;
				CLANG_WARN_UNREACHABLE_CODE = YES;
				CLANG_WARN__DUPLICATE_METHOD_MATCH = YES;
				"CODE_SIGN_IDENTITY[sdk=iphoneos*]" = "iPhone Developer";
				COPY_PHASE_STRIP = NO;
				DEBUG_INFORMATION_FORMAT = dwarf;
				ENABLE_STRICT_OBJC_MSGSEND = YES;
				ENABLE_TESTABILITY = YES;
				GCC_C_LANGUAGE_STANDARD = gnu99;
				GCC_DYNAMIC_NO_PIC = NO;
				GCC_NO_COMMON_BLOCKS = YES;
				GCC_OPTIMIZATION_LEVEL = 0;
				GCC_PREPROCESSOR_DEFINITIONS = (
					"DEBUG=1",
					"$(inherited)",
				);
				GCC_WARN_64_TO_32_BIT_CONVERSION = YES;
				GCC_WARN_ABOUT_RETURN_TYPE = YES_ERROR;
				GCC_WARN_UNDECLARED_SELECTOR = YES;
				GCC_WARN_UNINITIALIZED_AUTOS = YES_AGGRESSIVE;
				GCC_WARN_UNUSED_FUNCTION = YES;
				GCC_WARN_UNUSED_VARIABLE = YES;
				IPHONEOS_DEPLOYMENT_TARGET = 10.1;
				MTL_ENABLE_DEBUG_INFO = YES;
				ONLY_ACTIVE_ARCH = YES;
				SDKROOT = iphoneos;
				TARGETED_DEVICE_FAMILY = "1,2";
			};
			name = Debug;
		};
		F1452D901DCE15D300A40D46 /* Release */ = {
			isa = XCBuildConfiguration;
			buildSettings = {
				ALWAYS_SEARCH_USER_PATHS = NO;
				CLANG_ANALYZER_NONNULL = YES;
				CLANG_CXX_LANGUAGE_STANDARD = "gnu++0x";
				CLANG_CXX_LIBRARY = "libc++";
				CLANG_ENABLE_MODULES = YES;
				CLANG_ENABLE_OBJC_ARC = YES;
				CLANG_WARN_BOOL_CONVERSION = YES;
				CLANG_WARN_CONSTANT_CONVERSION = YES;
				CLANG_WARN_DIRECT_OBJC_ISA_USAGE = YES_ERROR;
				CLANG_WARN_DOCUMENTATION_COMMENTS = YES;
				CLANG_WARN_EMPTY_BODY = YES;
				CLANG_WARN_ENUM_CONVERSION = YES;
				CLANG_WARN_INFINITE_RECURSION = YES;
				CLANG_WARN_INT_CONVERSION = YES;
				CLANG_WARN_OBJC_ROOT_CLASS = YES_ERROR;
				CLANG_WARN_SUSPICIOUS_MOVES = YES;
				CLANG_WARN_UNREACHABLE_CODE = YES;
				CLANG_WARN__DUPLICATE_METHOD_MATCH = YES;
				"CODE_SIGN_IDENTITY[sdk=iphoneos*]" = "iPhone Developer";
				COPY_PHASE_STRIP = NO;
				DEBUG_INFORMATION_FORMAT = "dwarf-with-dsym";
				ENABLE_NS_ASSERTIONS = NO;
				ENABLE_STRICT_OBJC_MSGSEND = YES;
				GCC_C_LANGUAGE_STANDARD = gnu99;
				GCC_NO_COMMON_BLOCKS = YES;
				GCC_WARN_64_TO_32_BIT_CONVERSION = YES;
				GCC_WARN_ABOUT_RETURN_TYPE = YES_ERROR;
				GCC_WARN_UNDECLARED_SELECTOR = YES;
				GCC_WARN_UNINITIALIZED_AUTOS = YES_AGGRESSIVE;
				GCC_WARN_UNUSED_FUNCTION = YES;
				GCC_WARN_UNUSED_VARIABLE = YES;
				IPHONEOS_DEPLOYMENT_TARGET = 10.1;
				MTL_ENABLE_DEBUG_INFO = NO;
				SDKROOT = iphoneos;
				TARGETED_DEVICE_FAMILY = "1,2";
				VALIDATE_PRODUCT = YES;
			};
			name = Release;
		};
		F1452D921DCE15D300A40D46 /* Debug */ = {
			isa = XCBuildConfiguration;
			buildSettings = {
				ASSETCATALOG_COMPILER_APPICON_NAME = AppIcon;
				DEVELOPMENT_TEAM = 4QGK58U3J6;
				INFOPLIST_FILE = TreasureHuntObjc/Info.plist;
				LD_RUNPATH_SEARCH_PATHS = "$(inherited) @executable_path/Frameworks";
				PRODUCT_BUNDLE_IDENTIFIER = com.marinosoftware.TreasureHuntObjc;
				PRODUCT_NAME = "$(TARGET_NAME)";
			};
			name = Debug;
		};
		F1452D931DCE15D300A40D46 /* Release */ = {
			isa = XCBuildConfiguration;
			buildSettings = {
				ASSETCATALOG_COMPILER_APPICON_NAME = AppIcon;
				DEVELOPMENT_TEAM = 4QGK58U3J6;
				INFOPLIST_FILE = TreasureHuntObjc/Info.plist;
				LD_RUNPATH_SEARCH_PATHS = "$(inherited) @executable_path/Frameworks";
				PRODUCT_BUNDLE_IDENTIFIER = com.marinosoftware.TreasureHuntObjc;
				PRODUCT_NAME = "$(TARGET_NAME)";
			};
			name = Release;
		};
/* End XCBuildConfiguration section */

/* Begin XCConfigurationList section */
		F1452D751DCE15D300A40D46 /* Build configuration list for PBXProject "TreasureHuntObjc" */ = {
			isa = XCConfigurationList;
			buildConfigurations = (
				F1452D8F1DCE15D300A40D46 /* Debug */,
				F1452D901DCE15D300A40D46 /* Release */,
			);
			defaultConfigurationIsVisible = 0;
			defaultConfigurationName = Release;
		};
		F1452D911DCE15D300A40D46 /* Build configuration list for PBXNativeTarget "TreasureHuntObjc" */ = {
			isa = XCConfigurationList;
			buildConfigurations = (
				F1452D921DCE15D300A40D46 /* Debug */,
				F1452D931DCE15D300A40D46 /* Release */,
			);
			defaultConfigurationIsVisible = 0;
			defaultConfigurationName = Release;
		};
/* End XCConfigurationList section */
	};
	rootObject = F1452D721DCE15D300A40D46 /* Project object */;
}
